{"SurveyEntry":{"SurveyID":"SV_2tMJuAZuNVvjuIJ","SurveyName":"Names Production - Full","SurveyDescription":null,"SurveyOwnerID":"UR_4GZhiRUqxaS7wl7","SurveyBrandID":"peabody","DivisionID":null,"SurveyLanguage":"EN","SurveyActiveResponseSet":"RS_9LWa4gS1XrPXvp3","SurveyStatus":"Inactive","SurveyStartDate":"0000-00-00 00:00:00","SurveyExpirationDate":"0000-00-00 00:00:00","SurveyCreationDate":"2019-05-25 23:26:27","CreatorID":"UR_4GZhiRUqxaS7wl7","LastModified":"2022-05-05 12:58:48","LastAccessed":"0000-00-00 00:00:00","LastActivated":"2019-05-30 16:04:44","Deleted":null},"SurveyElements":[{"SurveyID":"SV_2tMJuAZuNVvjuIJ","Element":"BL","PrimaryAttribute":"Survey Blocks","SecondaryAttribute":null,"TertiaryAttribute":null,"Payload":[{"Type":"Default","Description":"Consent","ID":"BL_0IBD2rY7tQ9dR2d","BlockElements":[{"Type":"Question","QuestionID":"QID2"},{"Type":"Question","QuestionID":"QID3"},{"Type":"Question","QuestionID":"QID4"},{"Type":"Question","QuestionID":"QID5"}],"Options":{"BlockLocking":"false","RandomizeQuestions":"false","BlockVisibility":"Collapsed"}},{"Type":"Trash","Description":"Trash \/ Unused Questions","ID":"BL_1BtpgnSRapGCxc9","BlockElements":[]},{"Type":"Standard","SubType":"","Description":"Demographics","ID":"BL_9pe3Y0pZDQ7YwVD","BlockElements":[{"Type":"Question","QuestionID":"QID6"},{"Type":"Question","QuestionID":"QID7"},{"Type":"Question","QuestionID":"QID8"},{"Type":"Question","QuestionID":"QID9"},{"Type":"Question","QuestionID":"QID10"},{"Type":"Question","QuestionID":"QID11"}],"Options":{"BlockLocking":"false","RandomizeQuestions":"false","BlockVisibility":"Expanded"}},{"Type":"Standard","SubType":"","Description":"Verification","ID":"BL_71yWlpsYKxRNiyp","BlockElements":[{"Type":"Question","QuestionID":"QID12"}],"Options":{"BlockLocking":"false","RandomizeQuestions":"false","BlockVisibility":"Expanded"}},{"Type":"Standard","SubType":"","Description":"List 1","ID":"BL_55ZfRnD1RT6fkYB","Options":{"BlockVisibility":"Collapsed","Randomization":{"Advanced":{"QuestionsPerPage":0}},"RandomizeQuestions":"RandomWithXPerPage"},"BlockElements":[{"Type":"Question","QuestionID":"QID102"},{"Type":"Question","QuestionID":"QID103"},{"Type":"Question","QuestionID":"QID104"},{"Type":"Question","QuestionID":"QID105"},{"Type":"Question","QuestionID":"QID106"},{"Type":"Question","QuestionID":"QID107"},{"Type":"Question","QuestionID":"QID108"},{"Type":"Question","QuestionID":"QID109"},{"Type":"Question","QuestionID":"QID110"},{"Type":"Question","QuestionID":"QID112"},{"Type":"Question","QuestionID":"QID113"},{"Type":"Question","QuestionID":"QID114"},{"Type":"Question","QuestionID":"QID115"},{"Type":"Question","QuestionID":"QID116"},{"Type":"Question","QuestionID":"QID117"},{"Type":"Question","QuestionID":"QID118"},{"Type":"Question","QuestionID":"QID119"},{"Type":"Question","QuestionID":"QID120"},{"Type":"Question","QuestionID":"QID121"},{"Type":"Question","QuestionID":"QID122"},{"Type":"Question","QuestionID":"QID123"},{"Type":"Question","QuestionID":"QID124"},{"Type":"Question","QuestionID":"QID125"},{"Type":"Question","QuestionID":"QID126"},{"Type":"Question","QuestionID":"QID127"},{"Type":"Question","QuestionID":"QID128"},{"Type":"Question","QuestionID":"QID129"},{"Type":"Question","QuestionID":"QID130"},{"Type":"Question","QuestionID":"QID131"}]},{"Type":"Standard","SubType":"","Description":"List 2","ID":"BL_eG8USMulOp1W3iZ","Options":{"BlockLocking":"false","RandomizeQuestions":"RandomWithXPerPage","BlockVisibility":"Expanded","Randomization":{"Advanced":{"QuestionsPerPage":0}}},"BlockElements":[{"Type":"Question","QuestionID":"QID132"},{"Type":"Question","QuestionID":"QID133"},{"Type":"Question","QuestionID":"QID134"},{"Type":"Question","QuestionID":"QID135"},{"Type":"Question","QuestionID":"QID136"},{"Type":"Question","QuestionID":"QID137"},{"Type":"Question","QuestionID":"QID138"},{"Type":"Question","QuestionID":"QID139"},{"Type":"Question","QuestionID":"QID140"},{"Type":"Question","QuestionID":"QID141"},{"Type":"Question","QuestionID":"QID142"},{"Type":"Question","QuestionID":"QID143"},{"Type":"Question","QuestionID":"QID144"},{"Type":"Question","QuestionID":"QID145"},{"Type":"Question","QuestionID":"QID146"},{"Type":"Question","QuestionID":"QID147"},{"Type":"Question","QuestionID":"QID148"},{"Type":"Question","QuestionID":"QID149"},{"Type":"Question","QuestionID":"QID150"},{"Type":"Question","QuestionID":"QID151"},{"Type":"Question","QuestionID":"QID152"},{"Type":"Question","QuestionID":"QID153"},{"Type":"Question","QuestionID":"QID154"},{"Type":"Question","QuestionID":"QID155"},{"Type":"Question","QuestionID":"QID156"},{"Type":"Question","QuestionID":"QID157"},{"Type":"Question","QuestionID":"QID158"},{"Type":"Question","QuestionID":"QID159"},{"Type":"Question","QuestionID":"QID160"},{"Type":"Question","QuestionID":"QID161"}]},{"Type":"Standard","SubType":"","Description":"List 3","ID":"BL_39SOINykjXXBvi5","Options":{"BlockLocking":"false","RandomizeQuestions":"RandomWithXPerPage","BlockVisibility":"Expanded","Randomization":{"Advanced":{"QuestionsPerPage":0}}},"BlockElements":[{"Type":"Question","QuestionID":"QID162"},{"Type":"Question","QuestionID":"QID163"},{"Type":"Question","QuestionID":"QID164"},{"Type":"Question","QuestionID":"QID165"},{"Type":"Question","QuestionID":"QID166"},{"Type":"Question","QuestionID":"QID167"},{"Type":"Question","QuestionID":"QID168"},{"Type":"Question","QuestionID":"QID169"},{"Type":"Question","QuestionID":"QID170"},{"Type":"Question","QuestionID":"QID171"},{"Type":"Question","QuestionID":"QID172"},{"Type":"Question","QuestionID":"QID173"},{"Type":"Question","QuestionID":"QID174"},{"Type":"Question","QuestionID":"QID175"},{"Type":"Question","QuestionID":"QID176"},{"Type":"Question","QuestionID":"QID177"},{"Type":"Question","QuestionID":"QID178"},{"Type":"Question","QuestionID":"QID179"},{"Type":"Question","QuestionID":"QID180"},{"Type":"Question","QuestionID":"QID181"},{"Type":"Question","QuestionID":"QID182"},{"Type":"Question","QuestionID":"QID183"},{"Type":"Question","QuestionID":"QID184"},{"Type":"Question","QuestionID":"QID185"},{"Type":"Question","QuestionID":"QID186"},{"Type":"Question","QuestionID":"QID187"},{"Type":"Question","QuestionID":"QID188"},{"Type":"Question","QuestionID":"QID189"},{"Type":"Question","QuestionID":"QID190"}]},{"Type":"Standard","SubType":"","Description":"Instructions","ID":"BL_ebuTnP0XGy6CFtH","Options":{"BlockLocking":"false","RandomizeQuestions":"false","BlockVisibility":"Collapsed"},"BlockElements":[{"Type":"Question","QuestionID":"QID191"}]},{"Type":"Standard","SubType":"","Description":"About Study","ID":"BL_3meg4MKN7bwSFc9","BlockElements":[{"Type":"Question","QuestionID":"QID192"}],"Options":{"BlockLocking":"false","RandomizeQuestions":"false","BlockVisibility":"Expanded"}}]},{"SurveyID":"SV_2tMJuAZuNVvjuIJ","Element":"FL","PrimaryAttribute":"Survey Flow","SecondaryAttribute":null,"TertiaryAttribute":null,"Payload":{"Type":"Root","FlowID":"FL_1","Flow":[{"Type":"Block","ID":"BL_0IBD2rY7tQ9dR2d","FlowID":"FL_2","Autofill":[]},{"Type":"Standard","ID":"BL_ebuTnP0XGy6CFtH","FlowID":"FL_15","Autofill":[]},{"Type":"BlockRandomizer","FlowID":"FL_8","SubSet":1,"EvenPresentation":true,"Flow":[{"Type":"Standard","ID":"BL_55ZfRnD1RT6fkYB","FlowID":"FL_12","Autofill":[]},{"Type":"Standard","ID":"BL_eG8USMulOp1W3iZ","FlowID":"FL_13","Autofill":[]},{"Type":"Standard","ID":"BL_39SOINykjXXBvi5","FlowID":"FL_14","Autofill":[]}]},{"Type":"Standard","ID":"BL_9pe3Y0pZDQ7YwVD","FlowID":"FL_3","Autofill":[]},{"Type":"Standard","ID":"BL_3meg4MKN7bwSFc9","FlowID":"FL_16","Autofill":[]},{"Type":"Standard","ID":"BL_71yWlpsYKxRNiyp","FlowID":"FL_4","Autofill":[]}],"Properties":{"Count":16,"RemovedFieldsets":[]}}},{"SurveyID":"SV_2tMJuAZuNVvjuIJ","Element":"SO","PrimaryAttribute":"Survey Options","SecondaryAttribute":null,"TertiaryAttribute":null,"Payload":{"BackButton":"false","SaveAndContinue":"true","SurveyProtection":"PublicSurvey","BallotBoxStuffingPrevention":"false","NoIndex":"Yes","SecureResponseFiles":"true","SurveyExpiration":"None","SurveyTermination":"DefaultMessage","Header":"","Footer":"","ProgressBarDisplay":"Text","PartialData":"+1 week","ValidationMessage":"","PreviousButton":" \u2190 ","NextButton":" \u2192 ","SkinLibrary":"qsharing","SkinType":"templated","Skin":{"brandingId":null,"templateId":"*base","overrides":null},"NewScoring":1,"CustomStyles":[],"QuestionsPerPage":"6","SurveyName":"Names Production - Full","ProtectSelectionIds":true}},{"SurveyID":"SV_2tMJuAZuNVvjuIJ","Element":"SCO","PrimaryAttribute":"Scoring","SecondaryAttribute":null,"TertiaryAttribute":null,"Payload":{"ScoringCategories":[],"ScoringCategoryGroups":[],"ScoringSummaryCategory":null,"ScoringSummaryAfterQuestions":0,"ScoringSummaryAfterSurvey":0,"DefaultScoringCategory":null,"AutoScoringCategory":null}},{"SurveyID":"SV_2tMJuAZuNVvjuIJ","Element":"PROJ","PrimaryAttribute":"CORE","SecondaryAttribute":null,"TertiaryAttribute":"1.1.0","Payload":{"ProjectCategory":"CORE","SchemaVersion":"1.1.0"}},{"SurveyID":"SV_2tMJuAZuNVvjuIJ","Element":"STAT","PrimaryAttribute":"Survey Statistics","SecondaryAttribute":null,"TertiaryAttribute":null,"Payload":{"MobileCompatible":true,"ID":"Survey Statistics"}},{"SurveyID":"SV_2tMJuAZuNVvjuIJ","Element":"QC","PrimaryAttribute":"Survey Question Count","SecondaryAttribute":"192","TertiaryAttribute":null,"Payload":null},{"SurveyID":"SV_2tMJuAZuNVvjuIJ","Element":"SQ","PrimaryAttribute":"QID8","SecondaryAttribute":"Age","TertiaryAttribute":null,"Payload":{"QuestionText":"Age","DefaultChoices":false,"DataExportTag":"age","QuestionType":"MC","Selector":"SAVR","SubSelector":"TX","DataVisibility":{"Private":false,"Hidden":false},"Configuration":{"QuestionDescriptionOption":"UseText"},"QuestionDescription":"Age","Choices":{"1":{"Display":"18 - 24"},"2":{"Display":"25 - 34"},"3":{"Display":"35 - 44"},"4":{"Display":"45 - 54"},"5":{"Display":"55 - 64"},"6":{"Display":"65 - 74"},"7":{"Display":"75 - 84"},"8":{"Display":"85 or older"}},"ChoiceOrder":[1,2,3,4,5,6,7,8],"Validation":{"Settings":{"ForceResponse":"ON","ForceResponseType":"ON","Type":"None"}},"GradingData":[],"Language":[],"NextChoiceId":9,"NextAnswerId":1,"QuestionID":"QID8"}},{"SurveyID":"SV_2tMJuAZuNVvjuIJ","Element":"SQ","PrimaryAttribute":"QID158","SecondaryAttribute":"Amy Klobuchar went out to dinner for a friend's birthday. During the meal...","TertiaryAttribute":null,"Payload":{"QuestionText":"Amy Klobuchar went out to dinner for a friend's birthday. During the meal...\n\n","DataExportTag":"fem\/candidate\/Amy\/Klobuchar","QuestionType":"TE","Selector":"ESTB","DataVisibility":{"Private":false,"Hidden":false},"Configuration":{"QuestionDescriptionOption":"UseText","AllowFreeResponse":"false"},"QuestionDescription":"Amy Klobuchar went out to dinner for a friend's birthday. During the meal...","Validation":{"Settings":{"ForceResponse":"ON","ForceResponseType":"ON","Type":"None"}},"Language":[],"NextChoiceId":1,"NextAnswerId":1,"QuestionID":"QID158"}},{"SurveyID":"SV_2tMJuAZuNVvjuIJ","Element":"SQ","PrimaryAttribute":"QID190","SecondaryAttribute":"Andrew Yang turned on the air conditioning. As the apartment cooled down...","TertiaryAttribute":null,"Payload":{"QuestionText":"Andrew Yang turned on the air conditioning. As the apartment cooled down...\n\n","DataExportTag":"masc\/candidate\/Andrew\/Yang","QuestionType":"TE","Selector":"ESTB","DataVisibility":{"Private":false,"Hidden":false},"Configuration":{"QuestionDescriptionOption":"UseText","AllowFreeResponse":"false"},"QuestionDescription":"Andrew Yang turned on the air conditioning. As the apartment cooled down...","Validation":{"Settings":{"ForceResponse":"ON","ForceResponseType":"ON","Type":"None"}},"Language":[],"NextChoiceId":1,"NextAnswerId":1,"QuestionID":"QID190"}},{"SurveyID":"SV_2tMJuAZuNVvjuIJ","Element":"SQ","PrimaryAttribute":"QID119","SecondaryAttribute":"Ashley Cook put on a jacket. After getting warm...","TertiaryAttribute":null,"Payload":{"QuestionText":"Ashley Cook put on a jacket. After getting warm...\n\n","DataExportTag":"andro\/common\/Ashley\/Cook","QuestionType":"TE","Selector":"ESTB","DataVisibility":{"Private":false,"Hidden":false},"Configuration":{"QuestionDescriptionOption":"UseText","AllowFreeResponse":"false"},"QuestionDescription":"Ashley Cook put on a jacket. After getting warm...","Validation":{"Settings":{"ForceResponse":"ON","ForceResponseType":"ON","Type":"None"}},"Language":[],"NextChoiceId":1,"NextAnswerId":1,"QuestionID":"QID119"}},{"SurveyID":"SV_2tMJuAZuNVvjuIJ","Element":"SQ","PrimaryAttribute":"QID179","SecondaryAttribute":"Ashley Green made a mug of tea. Before it cooled...","TertiaryAttribute":null,"Payload":{"QuestionText":"Ashley Green made a mug of tea. Before it cooled...\n\n","DataExportTag":"andro\/common\/Ashley\/Green","QuestionType":"TE","Selector":"ESTB","DataVisibility":{"Private":false,"Hidden":false},"Configuration":{"QuestionDescriptionOption":"UseText","AllowFreeResponse":"false"},"QuestionDescription":"Ashley Green made a mug of tea. Before it cooled...","Validation":{"Settings":{"ForceResponse":"ON","ForceResponseType":"ON","Type":"None"}},"Language":[],"NextChoiceId":1,"NextAnswerId":1,"QuestionID":"QID179"}},{"SurveyID":"SV_2tMJuAZuNVvjuIJ","Element":"SQ","PrimaryAttribute":"QID149","SecondaryAttribute":"Ashley Walker put on a jacket. After getting warm...","TertiaryAttribute":null,"Payload":{"QuestionText":"Ashley Walker put on a jacket. After getting warm...\n\n","DataExportTag":"andro\/common\/Ashley\/Walker","QuestionType":"TE","Selector":"ESTB","DataVisibility":{"Private":false,"Hidden":false},"Configuration":{"QuestionDescriptionOption":"UseText","AllowFreeResponse":"false"},"QuestionDescription":"Ashley Walker put on a jacket. After getting warm...","Validation":{"Settings":{"ForceResponse":"ON","ForceResponseType":"ON","Type":"None"}},"Language":[],"NextChoiceId":1,"NextAnswerId":1,"QuestionID":"QID149"}},{"SurveyID":"SV_2tMJuAZuNVvjuIJ","Element":"SQ","PrimaryAttribute":"QID130","SecondaryAttribute":"Bernie Sanders got home from work and cooked dinner. After washing the dishes...","TertiaryAttribute":null,"Payload":{"QuestionText":"Bernie Sanders got home from work and cooked dinner. After washing the dishes...\n\n","DataExportTag":"masc\/candidate\/Bernie\/Sanders","QuestionType":"TE","Selector":"ESTB","DataVisibility":{"Private":false,"Hidden":false},"Configuration":{"QuestionDescriptionOption":"UseText","AllowFreeResponse":"false"},"QuestionDescription":"Bernie Sanders got home from work and cooked dinner. After washing the dishes...","Validation":{"Settings":{"ForceResponse":"ON","ForceResponseType":"ON","Type":"None"}},"Language":[],"NextChoiceId":1,"NextAnswerId":1,"QuestionID":"QID130"}},{"SurveyID":"SV_2tMJuAZuNVvjuIJ","Element":"SQ","PrimaryAttribute":"QID188","SecondaryAttribute":"Beto O'Rourke carried the bags into the house. After putting everything away...","TertiaryAttribute":null,"Payload":{"QuestionText":"Beto O'Rourke carried the bags into the house. After putting everything away...\n\n","DataExportTag":"masc\/candidate\/Beto\/O'Rourke","QuestionType":"TE","Selector":"ESTB","DataVisibility":{"Private":false,"Hidden":false},"Configuration":{"QuestionDescriptionOption":"UseText","AllowFreeResponse":"false"},"QuestionDescription":"Beto O'Rourke carried the bags into the house. After putting everything away...","Validation":{"Settings":{"ForceResponse":"ON","ForceResponseType":"ON","Type":"None"}},"Language":[],"NextChoiceId":1,"NextAnswerId":1,"QuestionID":"QID188"}},{"SurveyID":"SV_2tMJuAZuNVvjuIJ","Element":"SQ","PrimaryAttribute":"QID183","SecondaryAttribute":"Bill de Blasio tried to call the doctor's office. After leaving a voicemail...","TertiaryAttribute":null,"Payload":{"QuestionText":"Bill de Blasio tried to call the doctor's office. After leaving a voicemail...\n\n","DataExportTag":"masc\/candidate\/Bill\/deBlasio","QuestionType":"TE","Selector":"ESTB","DataVisibility":{"Private":false,"Hidden":false},"Configuration":{"QuestionDescriptionOption":"UseText","AllowFreeResponse":"false"},"QuestionDescription":"Bill de Blasio tried to call the doctor's office. After leaving a voicemail...","Validation":{"Settings":{"ForceResponse":"ON","ForceResponseType":"ON","Type":"None"}},"Language":[],"NextChoiceId":1,"NextAnswerId":1,"QuestionID":"QID183"}},{"SurveyID":"SV_2tMJuAZuNVvjuIJ","Element":"SQ","PrimaryAttribute":"QID161","SecondaryAttribute":"Bill Weld left early in the morning. While waiting at the bus stop...","TertiaryAttribute":null,"Payload":{"QuestionText":"Bill Weld left early in the morning. While waiting at the bus stop...\n\n","DataExportTag":"masc\/candidate\/Bill\/Weld","QuestionType":"TE","Selector":"ESTB","DataVisibility":{"Private":false,"Hidden":false},"Configuration":{"QuestionDescriptionOption":"UseText","AllowFreeResponse":"false"},"QuestionDescription":"Bill Weld left early in the morning. While waiting at the bus stop...","Validation":{"Settings":{"ForceResponse":"ON","ForceResponseType":"ON","Type":"None"}},"Language":[],"NextChoiceId":1,"NextAnswerId":1,"QuestionID":"QID161"}},{"SurveyID":"SV_2tMJuAZuNVvjuIJ","Element":"SQ","PrimaryAttribute":"QID115","SecondaryAttribute":"Blair Campbell got into bed. Before falling asleep...","TertiaryAttribute":null,"Payload":{"QuestionText":"Blair Campbell got into bed. Before falling asleep...\n\n","DataExportTag":"andro\/common\/Blair\/Campbell","QuestionType":"TE","Selector":"ESTB","DataVisibility":{"Private":false,"Hidden":false},"Configuration":{"QuestionDescriptionOption":"UseText","AllowFreeResponse":"false"},"QuestionDescription":"Blair Campbell got into bed. Before falling asleep...","Validation":{"Settings":{"ForceResponse":"ON","ForceResponseType":"ON","Type":"None"}},"Language":[],"NextChoiceId":1,"NextAnswerId":1,"QuestionID":"QID115"}},{"SurveyID":"SV_2tMJuAZuNVvjuIJ","Element":"SQ","PrimaryAttribute":"QID175","SecondaryAttribute":"Blair Hill decided to stay home that night. After finishing a movie...","TertiaryAttribute":null,"Payload":{"QuestionText":"Blair Hill decided to stay home that night. After finishing a movie...\n\n","DataExportTag":"andro\/common\/Blair\/Hill","QuestionType":"TE","Selector":"ESTB","DataVisibility":{"Private":false,"Hidden":false},"Configuration":{"QuestionDescriptionOption":"UseText","AllowFreeResponse":"false"},"QuestionDescription":"Blair Hill decided to stay home that night. After finishing a movie...","Validation":{"Settings":{"ForceResponse":"ON","ForceResponseType":"ON","Type":"None"}},"Language":[],"NextChoiceId":1,"NextAnswerId":1,"QuestionID":"QID175"}},{"SurveyID":"SV_2tMJuAZuNVvjuIJ","Element":"SQ","PrimaryAttribute":"QID145","SecondaryAttribute":"Blair Young played with the cat. After watching it chase the laser pointer...","TertiaryAttribute":null,"Payload":{"QuestionText":"Blair Young\tplayed with the cat. After watching it chase the laser pointer...\n\n","DataExportTag":"andro\/common\/Blair\/Young","QuestionType":"TE","Selector":"ESTB","DataVisibility":{"Private":false,"Hidden":false},"Configuration":{"QuestionDescriptionOption":"UseText","AllowFreeResponse":"false"},"QuestionDescription":"Blair Young played with the cat. After watching it chase the laser pointer...","Validation":{"Settings":{"ForceResponse":"ON","ForceResponseType":"ON","Type":"None"}},"Language":[],"NextChoiceId":1,"NextAnswerId":1,"QuestionID":"QID145"}},{"SurveyID":"SV_2tMJuAZuNVvjuIJ","Element":"SQ","PrimaryAttribute":"QID163","SecondaryAttribute":"Brian King chose a playlist for the drive. After turning up the volume...","TertiaryAttribute":null,"Payload":{"QuestionText":"Brian King chose a playlist for the drive. After turning up the volume...\n\n","DataExportTag":"masc\/common\/Brian\/King","QuestionType":"TE","Selector":"ESTB","DataVisibility":{"Private":false,"Hidden":false},"Configuration":{"QuestionDescriptionOption":"UseText","AllowFreeResponse":"false"},"QuestionDescription":"Brian King chose a playlist for the drive. After turning up the volume...","Validation":{"Settings":{"ForceResponse":"ON","ForceResponseType":"ON","Type":"None"}},"Language":[],"NextChoiceId":1,"NextAnswerId":1,"QuestionID":"QID163"}},{"SurveyID":"SV_2tMJuAZuNVvjuIJ","Element":"SQ","PrimaryAttribute":"QID103","SecondaryAttribute":"Brian Walker left early in the morning. While waiting at the bus stop...","TertiaryAttribute":null,"Payload":{"QuestionText":"Brian Walker left early in the morning. While waiting at the bus stop...\n\n","DataExportTag":"masc\/common\/Brian\/Walker","QuestionType":"TE","Selector":"ESTB","DataVisibility":{"Private":false,"Hidden":false},"Configuration":{"QuestionDescriptionOption":"UseText","AllowFreeResponse":"false"},"QuestionDescription":"Brian Walker left early in the morning. While waiting at the bus stop...","Validation":{"Settings":{"ForceResponse":"ON","ForceResponseType":"ON","Type":"None"}},"Language":[],"NextChoiceId":1,"NextAnswerId":1,"QuestionID":"QID103"}},{"SurveyID":"SV_2tMJuAZuNVvjuIJ","Element":"SQ","PrimaryAttribute":"QID133","SecondaryAttribute":"Brian Wright opened the gift. After seeing what it was...","TertiaryAttribute":null,"Payload":{"QuestionText":"Brian Wright opened the gift. After seeing what it was...\n\n","DataExportTag":"masc\/common\/Brian\/Wright","QuestionType":"TE","Selector":"ESTB","DataVisibility":{"Private":false,"Hidden":false},"Configuration":{"QuestionDescriptionOption":"UseText","AllowFreeResponse":"false"},"QuestionDescription":"Brian Wright opened the gift. After seeing what it was...","Validation":{"Settings":{"ForceResponse":"ON","ForceResponseType":"ON","Type":"None"}},"Language":[],"NextChoiceId":1,"NextAnswerId":1,"QuestionID":"QID133"}},{"SurveyID":"SV_2tMJuAZuNVvjuIJ","Element":"SQ","PrimaryAttribute":"QID135","SecondaryAttribute":"Chris Collins painted the room. While the walls dried...","TertiaryAttribute":null,"Payload":{"QuestionText":"Chris Collins painted the room. While the walls dried...\n\n","DataExportTag":"andro\/common\/Chris\/Collins","QuestionType":"TE","Selector":"ESTB","DataVisibility":{"Private":false,"Hidden":false},"Configuration":{"QuestionDescriptionOption":"UseText","AllowFreeResponse":"false"},"QuestionDescription":"Chris Collins painted the room. While the walls dried...","Validation":{"Settings":{"ForceResponse":"ON","ForceResponseType":"ON","Type":"None"}},"Language":[],"NextChoiceId":1,"NextAnswerId":1,"QuestionID":"QID135"}},{"SurveyID":"SV_2tMJuAZuNVvjuIJ","Element":"SQ","PrimaryAttribute":"QID105","SecondaryAttribute":"Chris Miller finished writing a paper. While waiting for it to print...","TertiaryAttribute":null,"Payload":{"QuestionText":"Chris Miller finished writing a paper. While waiting for it to print...\n\n","DataExportTag":"andro\/common\/Chris\/Miller","QuestionType":"TE","Selector":"ESTB","DataVisibility":{"Private":false,"Hidden":false},"Configuration":{"QuestionDescriptionOption":"UseText","AllowFreeResponse":"false"},"QuestionDescription":"Chris Miller finished writing a paper. While waiting for it to print...","Validation":{"Settings":{"ForceResponse":"ON","ForceResponseType":"ON","Type":"None"}},"Language":[],"NextChoiceId":1,"NextAnswerId":1,"QuestionID":"QID105"}},{"SurveyID":"SV_2tMJuAZuNVvjuIJ","Element":"SQ","PrimaryAttribute":"QID165","SecondaryAttribute":"Chris Young got into bed. Before falling asleep...","TertiaryAttribute":null,"Payload":{"QuestionText":"Chris Young\tgot into bed. Before falling asleep...\n\n","DataExportTag":"andro\/common\/Chris\/Young","QuestionType":"TE","Selector":"ESTB","DataVisibility":{"Private":false,"Hidden":false},"Configuration":{"QuestionDescriptionOption":"UseText","AllowFreeResponse":"false"},"QuestionDescription":"Chris Young got into bed. Before falling asleep...","Validation":{"Settings":{"ForceResponse":"ON","ForceResponseType":"ON","Type":"None"}},"Language":[],"NextChoiceId":1,"NextAnswerId":1,"QuestionID":"QID165"}},{"SurveyID":"SV_2tMJuAZuNVvjuIJ","Element":"SQ","PrimaryAttribute":"QID125","SecondaryAttribute":"Cory Booker went on a run at the local park. Before finishing...","TertiaryAttribute":null,"Payload":{"QuestionText":"Cory Booker went on a run at the local park. Before finishing...\n\n","DataExportTag":"masc\/candidate\/Cory\/Booker","QuestionType":"TE","Selector":"ESTB","DataVisibility":{"Private":false,"Hidden":false},"Configuration":{"QuestionDescriptionOption":"UseText","AllowFreeResponse":"false"},"QuestionDescription":"Cory Booker went on a run at the local park. Before finishing...","Validation":{"Settings":{"ForceResponse":"ON","ForceResponseType":"ON","Type":"None"}},"Language":[],"NextChoiceId":1,"NextAnswerId":1,"QuestionID":"QID125"}},{"SurveyID":"SV_2tMJuAZuNVvjuIJ","Element":"RS","PrimaryAttribute":"RS_9LWa4gS1XrPXvp3","SecondaryAttribute":"Default Response Set","TertiaryAttribute":null,"Payload":null},{"SurveyID":"SV_2tMJuAZuNVvjuIJ","Element":"SQ","PrimaryAttribute":"QID10","SecondaryAttribute":"Did you start learning English before the age of 5?","TertiaryAttribute":null,"Payload":{"QuestionText":"Did you start learning English before the age of 5?","DataExportTag":"english","QuestionType":"MC","Selector":"SAVR","SubSelector":"TX","DataVisibility":{"Private":false,"Hidden":false},"Configuration":{"QuestionDescriptionOption":"UseText"},"QuestionDescription":"Did you start learning English before the age of 5?","Choices":{"1":{"Display":"Yes"},"2":{"Display":"No"}},"ChoiceOrder":[1,2],"Validation":{"Settings":{"ForceResponse":"ON","ForceResponseType":"ON","Type":"None"}},"Language":[],"NextChoiceId":3,"NextAnswerId":1,"QuestionID":"QID10"}},{"SurveyID":"SV_2tMJuAZuNVvjuIJ","Element":"SQ","PrimaryAttribute":"QID159","SecondaryAttribute":"Donald Trump went on a run at the local park. Before finishing...","TertiaryAttribute":null,"Payload":{"QuestionText":"Donald Trump went on a run at the local park. Before finishing...\n\n","DataExportTag":"masc\/candidate\/Donald\/Trump","QuestionType":"TE","Selector":"ESTB","DataVisibility":{"Private":false,"Hidden":false},"Configuration":{"QuestionDescriptionOption":"UseText","AllowFreeResponse":"false"},"QuestionDescription":"Donald Trump went on a run at the local park. Before finishing...","Validation":{"Settings":{"ForceResponse":"ON","ForceResponseType":"ON","Type":"None"}},"Language":[],"NextChoiceId":1,"NextAnswerId":1,"QuestionID":"QID159"}},{"SurveyID":"SV_2tMJuAZuNVvjuIJ","Element":"SQ","PrimaryAttribute":"QID148","SecondaryAttribute":"Elisha Bell decided to stay home that night. After finishing a movie...","TertiaryAttribute":null,"Payload":{"QuestionText":"Elisha Bell\tdecided to stay home that night. After finishing a movie...\n\n","DataExportTag":"andro\/common\/Elisha\/Bell","QuestionType":"TE","Selector":"ESTB","DataVisibility":{"Private":false,"Hidden":false},"Configuration":{"QuestionDescriptionOption":"UseText","AllowFreeResponse":"false"},"QuestionDescription":"Elisha Bell decided to stay home that night. After finishing a movie...","Validation":{"Settings":{"ForceResponse":"ON","ForceResponseType":"ON","Type":"None"}},"Language":[],"NextChoiceId":1,"NextAnswerId":1,"QuestionID":"QID148"}},{"SurveyID":"SV_2tMJuAZuNVvjuIJ","Element":"SQ","PrimaryAttribute":"QID118","SecondaryAttribute":"Elisha Collins went to see a show. During the intermission...","TertiaryAttribute":null,"Payload":{"QuestionText":"Elisha Collins went to see a show. During the intermission...\n\n","DataExportTag":"andro\/common\/Elisha\/Collins","QuestionType":"TE","Selector":"ESTB","DataVisibility":{"Private":false,"Hidden":false},"Configuration":{"QuestionDescriptionOption":"UseText","AllowFreeResponse":"false"},"QuestionDescription":"Elisha Collins went to see a show. During the intermission...","Validation":{"Settings":{"ForceResponse":"ON","ForceResponseType":"ON","Type":"None"}},"Language":[],"NextChoiceId":1,"NextAnswerId":1,"QuestionID":"QID118"}},{"SurveyID":"SV_2tMJuAZuNVvjuIJ","Element":"SQ","PrimaryAttribute":"QID178","SecondaryAttribute":"Elisha Moore got stuck in traffic. While waiting at the red light...","TertiaryAttribute":null,"Payload":{"QuestionText":"Elisha Moore got stuck in traffic. While waiting at the red light...\n\n","DataExportTag":"andro\/common\/Elisha\/Moore","QuestionType":"TE","Selector":"ESTB","DataVisibility":{"Private":false,"Hidden":false},"Configuration":{"QuestionDescriptionOption":"UseText","AllowFreeResponse":"false"},"QuestionDescription":"Elisha Moore got stuck in traffic. While waiting at the red light...","Validation":{"Settings":{"ForceResponse":"ON","ForceResponseType":"ON","Type":"None"}},"Language":[],"NextChoiceId":1,"NextAnswerId":1,"QuestionID":"QID178"}},{"SurveyID":"SV_2tMJuAZuNVvjuIJ","Element":"SQ","PrimaryAttribute":"QID160","SecondaryAttribute":"Elizabeth Warren turned on the air conditioning. As the apartment cooled down...","TertiaryAttribute":null,"Payload":{"QuestionText":"Elizabeth Warren turned on the air conditioning. As the apartment cooled down...\n\n","DataExportTag":"fem\/candidate\/Elizabeth\/Warren","QuestionType":"TE","Selector":"ESTB","DataVisibility":{"Private":false,"Hidden":false},"Configuration":{"QuestionDescriptionOption":"UseText","AllowFreeResponse":"false"},"QuestionDescription":"Elizabeth Warren turned on the air conditioning. As the apartment cooled down...","Validation":{"Settings":{"ForceResponse":"ON","ForceResponseType":"ON","Type":"None"}},"Language":[],"NextChoiceId":1,"NextAnswerId":1,"QuestionID":"QID160"}},{"SurveyID":"SV_2tMJuAZuNVvjuIJ","Element":"SQ","PrimaryAttribute":"QID167","SecondaryAttribute":"Emerson Baker caught the ball. Before throwing it back...","TertiaryAttribute":null,"Payload":{"QuestionText":"Emerson Baker caught the ball. Before throwing it back...\n\n","DataExportTag":"andro\/common\/Emerson\/Baker","QuestionType":"TE","Selector":"ESTB","DataVisibility":{"Private":false,"Hidden":false},"Configuration":{"QuestionDescriptionOption":"UseText","AllowFreeResponse":"false"},"QuestionDescription":"Emerson Baker caught the ball. Before throwing it back...","Validation":{"Settings":{"ForceResponse":"ON","ForceResponseType":"ON","Type":"None"}},"Language":[],"NextChoiceId":1,"NextAnswerId":1,"QuestionID":"QID167"}},{"SurveyID":"SV_2tMJuAZuNVvjuIJ","Element":"SQ","PrimaryAttribute":"QID137","SecondaryAttribute":"Emerson Green got stuck in traffic. While waiting at the red light.","TertiaryAttribute":null,"Payload":{"QuestionText":"Emerson Green got stuck in traffic. While waiting at the red light.\n\n","DataExportTag":"andro\/common\/Emerson\/Green","QuestionType":"TE","Selector":"ESTB","DataVisibility":{"Private":false,"Hidden":false},"Configuration":{"QuestionDescriptionOption":"UseText","AllowFreeResponse":"false"},"QuestionDescription":"Emerson Green got stuck in traffic. While waiting at the red light.","Validation":{"Settings":{"ForceResponse":"ON","ForceResponseType":"ON","Type":"None"}},"Language":[],"NextChoiceId":1,"NextAnswerId":1,"QuestionID":"QID137"}},{"SurveyID":"SV_2tMJuAZuNVvjuIJ","Element":"SQ","PrimaryAttribute":"QID107","SecondaryAttribute":"Emerson Moore chose a playlist for the drive. After turning up the volume...","TertiaryAttribute":null,"Payload":{"QuestionText":"Emerson Moore chose a playlist for the drive. After turning up the volume...\n\n","DataExportTag":"andro\/common\/Emerson\/Moore","QuestionType":"TE","Selector":"ESTB","DataVisibility":{"Private":false,"Hidden":false},"Configuration":{"QuestionDescriptionOption":"UseText","AllowFreeResponse":"false"},"QuestionDescription":"Emerson Moore chose a playlist for the drive. After turning up the volume...","Validation":{"Settings":{"ForceResponse":"ON","ForceResponseType":"ON","Type":"None"}},"Language":[],"NextChoiceId":1,"NextAnswerId":1,"QuestionID":"QID107"}},{"SurveyID":"SV_2tMJuAZuNVvjuIJ","Element":"SQ","PrimaryAttribute":"QID152","SecondaryAttribute":"Emily Baker received a text. After reading it...","TertiaryAttribute":null,"Payload":{"QuestionText":"Emily Baker received a text. After reading it...\n\n","DataExportTag":"fem\/common\/Emily\/Baker","QuestionType":"TE","Selector":"ESTB","DataVisibility":{"Private":false,"Hidden":false},"Configuration":{"QuestionDescriptionOption":"UseText","AllowFreeResponse":"false"},"QuestionDescription":"Emily Baker received a text. After reading it...","Validation":{"Settings":{"ForceResponse":"ON","ForceResponseType":"ON","Type":"None"}},"Language":[],"NextChoiceId":1,"NextAnswerId":1,"QuestionID":"QID152"}},{"SurveyID":"SV_2tMJuAZuNVvjuIJ","Element":"SQ","PrimaryAttribute":"QID182","SecondaryAttribute":"Emily Brooks opened the gift. After seeing what it was...","TertiaryAttribute":null,"Payload":{"QuestionText":"Emily Brooks opened the gift. After seeing what it was...\n\n","DataExportTag":"fem\/common\/Emily\/Brooks","QuestionType":"TE","Selector":"ESTB","DataVisibility":{"Private":false,"Hidden":false},"Configuration":{"QuestionDescriptionOption":"UseText","AllowFreeResponse":"false"},"QuestionDescription":"Emily Brooks opened the gift. After seeing what it was...","Validation":{"Settings":{"ForceResponse":"ON","ForceResponseType":"ON","Type":"None"}},"Language":[],"NextChoiceId":1,"NextAnswerId":1,"QuestionID":"QID182"}},{"SurveyID":"SV_2tMJuAZuNVvjuIJ","Element":"SQ","PrimaryAttribute":"QID122","SecondaryAttribute":"Emily Ward caught the ball. Before throwing it back...","TertiaryAttribute":null,"Payload":{"QuestionText":"Emily Ward caught the ball. Before throwing it back...\n\n","DataExportTag":"fem\/common\/Emily\/Ward","QuestionType":"TE","Selector":"ESTB","DataVisibility":{"Private":false,"Hidden":false},"Configuration":{"QuestionDescriptionOption":"UseText","AllowFreeResponse":"false"},"QuestionDescription":"Emily Ward caught the ball. Before throwing it back...","Validation":{"Settings":{"ForceResponse":"ON","ForceResponseType":"ON","Type":"None"}},"Language":[],"NextChoiceId":1,"NextAnswerId":1,"QuestionID":"QID122"}},{"SurveyID":"SV_2tMJuAZuNVvjuIJ","Element":"SQ","PrimaryAttribute":"QID131","SecondaryAttribute":"Eric Swalwell made a mug of tea. Before it cooled...","TertiaryAttribute":null,"Payload":{"QuestionText":"Eric Swalwell made a mug of tea. Before it cooled...\n\n","DataExportTag":"masc\/candidate\/Eric\/Swalwell","QuestionType":"TE","Selector":"ESTB","DataVisibility":{"Private":false,"Hidden":false},"Configuration":{"QuestionDescriptionOption":"UseText","AllowFreeResponse":"false"},"QuestionDescription":"Eric Swalwell made a mug of tea. Before it cooled...","Validation":{"Settings":{"ForceResponse":"ON","ForceResponseType":"ON","Type":"None"}},"Language":[],"NextChoiceId":1,"NextAnswerId":1,"QuestionID":"QID131"}},{"SurveyID":"SV_2tMJuAZuNVvjuIJ","Element":"SQ","PrimaryAttribute":"QID7","SecondaryAttribute":"Gender","TertiaryAttribute":null,"Payload":{"QuestionText":"Gender","DefaultChoices":false,"DataExportTag":"gender","QuestionType":"TE","Selector":"SL","DataVisibility":{"Private":false,"Hidden":false},"Configuration":{"QuestionDescriptionOption":"UseText","AllowFreeResponse":"false"},"QuestionDescription":"Gender","Validation":{"Settings":{"ForceResponse":"ON","ForceResponseType":"ON","Type":"None"}},"GradingData":[],"Language":[],"NextChoiceId":4,"NextAnswerId":1,"QuestionID":"QID7"}},{"SurveyID":"SV_2tMJuAZuNVvjuIJ","Element":"SQ","PrimaryAttribute":"QID116","SecondaryAttribute":"Jackie Turner turned on the air conditioning. As the apartment cooled down...","TertiaryAttribute":null,"Payload":{"QuestionText":"Jackie Turner turned on the air conditioning. As the apartment cooled down...\n\n","DataExportTag":"andro\/common\/Jackie\/Turner","QuestionType":"TE","Selector":"ESTB","DataVisibility":{"Private":false,"Hidden":false},"Configuration":{"QuestionDescriptionOption":"UseText","AllowFreeResponse":"false"},"QuestionDescription":"Jackie Turner turned on the air conditioning. As the apartment cooled down...","Validation":{"Settings":{"ForceResponse":"ON","ForceResponseType":"ON","Type":"None"}},"Language":[],"NextChoiceId":1,"NextAnswerId":1,"QuestionID":"QID116"}},{"SurveyID":"SV_2tMJuAZuNVvjuIJ","Element":"SQ","PrimaryAttribute":"QID176","SecondaryAttribute":"Jackie Walker bought a new phone. Before getting rid of the old one...","TertiaryAttribute":null,"Payload":{"QuestionText":"Jackie Walker bought a new phone. Before getting rid of the old one...\n\n","DataExportTag":"andro\/common\/Jackie\/Walker","QuestionType":"TE","Selector":"ESTB","DataVisibility":{"Private":false,"Hidden":false},"Configuration":{"QuestionDescriptionOption":"UseText","AllowFreeResponse":"false"},"QuestionDescription":"Jackie Walker bought a new phone. Before getting rid of the old one...","Validation":{"Settings":{"ForceResponse":"ON","ForceResponseType":"ON","Type":"None"}},"Language":[],"NextChoiceId":1,"NextAnswerId":1,"QuestionID":"QID176"}},{"SurveyID":"SV_2tMJuAZuNVvjuIJ","Element":"SQ","PrimaryAttribute":"QID146","SecondaryAttribute":"Jackie White collected the trash. After taking it out...","TertiaryAttribute":null,"Payload":{"QuestionText":"Jackie White collected the trash. After taking it out...\n\n","DataExportTag":"andro\/common\/Jackie\/White","QuestionType":"TE","Selector":"ESTB","DataVisibility":{"Private":false,"Hidden":false},"Configuration":{"QuestionDescriptionOption":"UseText","AllowFreeResponse":"false"},"QuestionDescription":"Jackie White collected the trash. After taking it out...","Validation":{"Settings":{"ForceResponse":"ON","ForceResponseType":"ON","Type":"None"}},"Language":[],"NextChoiceId":1,"NextAnswerId":1,"QuestionID":"QID146"}},{"SurveyID":"SV_2tMJuAZuNVvjuIJ","Element":"SQ","PrimaryAttribute":"QID104","SecondaryAttribute":"James Green got stuck in traffic. While waiting at the red light...","TertiaryAttribute":null,"Payload":{"QuestionText":"James Green got stuck in traffic. While waiting at the red light...\n\n","DataExportTag":"masc\/common\/James\/Green","QuestionType":"TE","Selector":"ESTB","DataVisibility":{"Private":false,"Hidden":false},"Configuration":{"QuestionDescriptionOption":"UseText","AllowFreeResponse":"false"},"QuestionDescription":"James Green got stuck in traffic. While waiting at the red light...","Validation":{"Settings":{"ForceResponse":"ON","ForceResponseType":"ON","Type":"None"}},"Language":[],"NextChoiceId":1,"NextAnswerId":1,"QuestionID":"QID104"}},{"SurveyID":"SV_2tMJuAZuNVvjuIJ","Element":"SQ","PrimaryAttribute":"QID134","SecondaryAttribute":"James Miller chose a playlist for the drive. After turning up the volume...","TertiaryAttribute":null,"Payload":{"QuestionText":"James Miller chose a playlist for the drive. After turning up the volume...\n\n","DataExportTag":"masc\/common\/James\/Miller","QuestionType":"TE","Selector":"ESTB","DataVisibility":{"Private":false,"Hidden":false},"Configuration":{"QuestionDescriptionOption":"UseText","AllowFreeResponse":"false"},"QuestionDescription":"James Miller chose a playlist for the drive. After turning up the volume...","Validation":{"Settings":{"ForceResponse":"ON","ForceResponseType":"ON","Type":"None"}},"Language":[],"NextChoiceId":1,"NextAnswerId":1,"QuestionID":"QID134"}},{"SurveyID":"SV_2tMJuAZuNVvjuIJ","Element":"SQ","PrimaryAttribute":"QID164","SecondaryAttribute":"James White filled a plate of food at the party. While eating it...","TertiaryAttribute":null,"Payload":{"QuestionText":"James White\tfilled a plate of food at the party. While eating it...\n\n","DataExportTag":"masc\/common\/James\/White","QuestionType":"TE","Selector":"ESTB","DataVisibility":{"Private":false,"Hidden":false},"Configuration":{"QuestionDescriptionOption":"UseText","AllowFreeResponse":"false"},"QuestionDescription":"James White filled a plate of food at the party. While eating it...","Validation":{"Settings":{"ForceResponse":"ON","ForceResponseType":"ON","Type":"None"}},"Language":[],"NextChoiceId":1,"NextAnswerId":1,"QuestionID":"QID164"}},{"SurveyID":"SV_2tMJuAZuNVvjuIJ","Element":"SQ","PrimaryAttribute":"QID157","SecondaryAttribute":"Jay Inslee poured a glass of lemonade. Before the ice melted...","TertiaryAttribute":null,"Payload":{"QuestionText":"Jay Inslee poured a glass of lemonade. Before the ice melted...\n\n","DataExportTag":"masc\/candidate\/Jay\/Inslee","QuestionType":"TE","Selector":"ESTB","DataVisibility":{"Private":false,"Hidden":false},"Configuration":{"QuestionDescriptionOption":"UseText","AllowFreeResponse":"false"},"QuestionDescription":"Jay Inslee poured a glass of lemonade. Before the ice melted...","Validation":{"Settings":{"ForceResponse":"ON","ForceResponseType":"ON","Type":"None"}},"Language":[],"NextChoiceId":1,"NextAnswerId":1,"QuestionID":"QID157"}},{"SurveyID":"SV_2tMJuAZuNVvjuIJ","Element":"SQ","PrimaryAttribute":"QID113","SecondaryAttribute":"Jessie Brooks received a text. After reading it...","TertiaryAttribute":null,"Payload":{"QuestionText":"Jessie Brooks received a text. After reading it...\n\n","DataExportTag":"andro\/common\/Jessie\/Brooks","QuestionType":"TE","Selector":"ESTB","DataVisibility":{"Private":false,"Hidden":false},"Configuration":{"QuestionDescriptionOption":"UseText","AllowFreeResponse":"false"},"QuestionDescription":"Jessie Brooks received a text. After reading it...","Validation":{"Settings":{"ForceResponse":"ON","ForceResponseType":"ON","Type":"None"}},"Language":[],"NextChoiceId":1,"NextAnswerId":1,"QuestionID":"QID113"}},{"SurveyID":"SV_2tMJuAZuNVvjuIJ","Element":"SQ","PrimaryAttribute":"QID143","SecondaryAttribute":"Jessie Cook got home from work and cooked dinner. After washing the dishes...","TertiaryAttribute":null,"Payload":{"QuestionText":"Jessie Cook\tgot home from work and cooked dinner. After washing the dishes...\n\n","DataExportTag":"andro\/common\/Jessie\/Cook","QuestionType":"TE","Selector":"ESTB","DataVisibility":{"Private":false,"Hidden":false},"Configuration":{"QuestionDescriptionOption":"UseText","AllowFreeResponse":"false"},"QuestionDescription":"Jessie Cook got home from work and cooked dinner. After washing the dishes...","Validation":{"Settings":{"ForceResponse":"ON","ForceResponseType":"ON","Type":"None"}},"Language":[],"NextChoiceId":1,"NextAnswerId":1,"QuestionID":"QID143"}},{"SurveyID":"SV_2tMJuAZuNVvjuIJ","Element":"SQ","PrimaryAttribute":"QID173","SecondaryAttribute":"Jessie Turner closed the door. After locking it...","TertiaryAttribute":null,"Payload":{"QuestionText":"Jessie Turner closed the door. After locking it...\n\n","DataExportTag":"andro\/common\/Jessie\/Turner","QuestionType":"TE","Selector":"ESTB","DataVisibility":{"Private":false,"Hidden":false},"Configuration":{"QuestionDescriptionOption":"UseText","AllowFreeResponse":"false"},"QuestionDescription":"Jessie Turner closed the door. After locking it...","Validation":{"Settings":{"ForceResponse":"ON","ForceResponseType":"ON","Type":"None"}},"Language":[],"NextChoiceId":1,"NextAnswerId":1,"QuestionID":"QID173"}},{"SurveyID":"SV_2tMJuAZuNVvjuIJ","Element":"SQ","PrimaryAttribute":"QID177","SecondaryAttribute":"Jodie Cooper played with the cat. After watching it chase the laser pointer...","TertiaryAttribute":null,"Payload":{"QuestionText":"Jodie Cooper played with the cat. After watching it chase the laser pointer...\n\n","DataExportTag":"andro\/common\/Jodie\/Cooper","QuestionType":"TE","Selector":"ESTB","DataVisibility":{"Private":false,"Hidden":false},"Configuration":{"QuestionDescriptionOption":"UseText","AllowFreeResponse":"false"},"QuestionDescription":"Jodie Cooper played with the cat. After watching it chase the laser pointer...","Validation":{"Settings":{"ForceResponse":"ON","ForceResponseType":"ON","Type":"None"}},"Language":[],"NextChoiceId":1,"NextAnswerId":1,"QuestionID":"QID177"}},{"SurveyID":"SV_2tMJuAZuNVvjuIJ","Element":"SQ","PrimaryAttribute":"QID117","SecondaryAttribute":"Jodie Parker filled the bath. After getting in...","TertiaryAttribute":null,"Payload":{"QuestionText":"Jodie Parker filled the bath. After getting in...\n\n","DataExportTag":"andro\/common\/Jodie\/Parker","QuestionType":"TE","Selector":"ESTB","DataVisibility":{"Private":false,"Hidden":false},"Configuration":{"QuestionDescriptionOption":"UseText","AllowFreeResponse":"false"},"QuestionDescription":"Jodie Parker filled the bath. After getting in...","Validation":{"Settings":{"ForceResponse":"ON","ForceResponseType":"ON","Type":"None"}},"Language":[],"NextChoiceId":1,"NextAnswerId":1,"QuestionID":"QID117"}},{"SurveyID":"SV_2tMJuAZuNVvjuIJ","Element":"SQ","PrimaryAttribute":"QID147","SecondaryAttribute":"Jodie Ward bought a new phone. Before getting rid of the old one...","TertiaryAttribute":null,"Payload":{"QuestionText":"Jodie Ward bought a new phone. Before getting rid of the old one...\n\n","DataExportTag":"andro\/common\/Jodie\/Ward","QuestionType":"TE","Selector":"ESTB","DataVisibility":{"Private":false,"Hidden":false},"Configuration":{"QuestionDescriptionOption":"UseText","AllowFreeResponse":"false"},"QuestionDescription":"Jodie Ward bought a new phone. Before getting rid of the old one...","Validation":{"Settings":{"ForceResponse":"ON","ForceResponseType":"ON","Type":"None"}},"Language":[],"NextChoiceId":1,"NextAnswerId":1,"QuestionID":"QID147"}},{"SurveyID":"SV_2tMJuAZuNVvjuIJ","Element":"SQ","PrimaryAttribute":"QID124","SecondaryAttribute":"Joe Biden decided to stay home that night. After finishing a movie...","TertiaryAttribute":null,"Payload":{"QuestionText":"Joe Biden decided to stay home that night. After finishing a movie...\n\n","DataExportTag":"masc\/candidate\/Joe\/Biden","QuestionType":"TE","Selector":"ESTB","DataVisibility":{"Private":false,"Hidden":false},"Configuration":{"QuestionDescriptionOption":"UseText","AllowFreeResponse":"false"},"QuestionDescription":"Joe Biden decided to stay home that night. After finishing a movie...","Validation":{"Settings":{"ForceResponse":"ON","ForceResponseType":"ON","Type":"None"}},"Language":[],"NextChoiceId":1,"NextAnswerId":1,"QuestionID":"QID124"}},{"SurveyID":"SV_2tMJuAZuNVvjuIJ","Element":"SQ","PrimaryAttribute":"QID184","SecondaryAttribute":"John Delaney poured a glass of lemonade. Before the ice melted...","TertiaryAttribute":null,"Payload":{"QuestionText":"John Delaney poured a glass of lemonade. Before the ice melted...\n\n","DataExportTag":"masc\/candidate\/John\/Delaney","QuestionType":"TE","Selector":"ESTB","DataVisibility":{"Private":false,"Hidden":false},"Configuration":{"QuestionDescriptionOption":"UseText","AllowFreeResponse":"false"},"QuestionDescription":"John Delaney poured a glass of lemonade. Before the ice melted...","Validation":{"Settings":{"ForceResponse":"ON","ForceResponseType":"ON","Type":"None"}},"Language":[],"NextChoiceId":1,"NextAnswerId":1,"QuestionID":"QID184"}},{"SurveyID":"SV_2tMJuAZuNVvjuIJ","Element":"SQ","PrimaryAttribute":"QID156","SecondaryAttribute":"John Hickenlooper ordered pizza. Before it arrived...","TertiaryAttribute":null,"Payload":{"QuestionText":"John Hickenlooper ordered pizza. Before it arrived...\n\n","DataExportTag":"masc\/candidate\/John\/Hickenlooper","QuestionType":"TE","Selector":"ESTB","DataVisibility":{"Private":false,"Hidden":false},"Configuration":{"QuestionDescriptionOption":"UseText","AllowFreeResponse":"false"},"QuestionDescription":"John Hickenlooper ordered pizza. Before it arrived...","Validation":{"Settings":{"ForceResponse":"ON","ForceResponseType":"ON","Type":"None"}},"Language":[],"NextChoiceId":1,"NextAnswerId":1,"QuestionID":"QID156"}},{"SurveyID":"SV_2tMJuAZuNVvjuIJ","Element":"SQ","PrimaryAttribute":"QID155","SecondaryAttribute":"Juli?n Castro filled a plate of food at the party. While eating it...","TertiaryAttribute":null,"Payload":{"QuestionText":"Juli?n Castro filled a plate of food at the party. While eating it...\n\n","DataExportTag":"masc\/candidate\/Juli?n\/Castro","QuestionType":"TE","Selector":"ESTB","DataVisibility":{"Private":false,"Hidden":false},"Configuration":{"QuestionDescriptionOption":"UseText","AllowFreeResponse":"false"},"QuestionDescription":"Juli?n Castro filled a plate of food at the party. While eating it...","Validation":{"Settings":{"ForceResponse":"ON","ForceResponseType":"ON","Type":"None"}},"Language":[],"NextChoiceId":1,"NextAnswerId":1,"QuestionID":"QID155"}},{"SurveyID":"SV_2tMJuAZuNVvjuIJ","Element":"SQ","PrimaryAttribute":"QID128","SecondaryAttribute":"Kamala Harris poured a glass of lemonade. Before the ice melted...","TertiaryAttribute":null,"Payload":{"QuestionText":"Kamala Harris poured a glass of lemonade. Before the ice melted...\n\n","DataExportTag":"fem\/candidate\/Kamala\/Harris","QuestionType":"TE","Selector":"ESTB","DataVisibility":{"Private":false,"Hidden":false},"Configuration":{"QuestionDescriptionOption":"UseText","AllowFreeResponse":"false"},"QuestionDescription":"Kamala Harris poured a glass of lemonade. Before the ice melted...","Validation":{"Settings":{"ForceResponse":"ON","ForceResponseType":"ON","Type":"None"}},"Language":[],"NextChoiceId":1,"NextAnswerId":1,"QuestionID":"QID128"}},{"SurveyID":"SV_2tMJuAZuNVvjuIJ","Element":"SQ","PrimaryAttribute":"QID114","SecondaryAttribute":"Kerry Baker painted the room. While the walls dried...","TertiaryAttribute":null,"Payload":{"QuestionText":"Kerry Baker painted the room. While the walls dried...\n\n","DataExportTag":"andro\/common\/Kerry\/Baker","QuestionType":"TE","Selector":"ESTB","DataVisibility":{"Private":false,"Hidden":false},"Configuration":{"QuestionDescriptionOption":"UseText","AllowFreeResponse":"false"},"QuestionDescription":"Kerry Baker painted the room. While the walls dried...","Validation":{"Settings":{"ForceResponse":"ON","ForceResponseType":"ON","Type":"None"}},"Language":[],"NextChoiceId":1,"NextAnswerId":1,"QuestionID":"QID114"}},{"SurveyID":"SV_2tMJuAZuNVvjuIJ","Element":"SQ","PrimaryAttribute":"QID174","SecondaryAttribute":"Kerry Bell woke up early to walk the dog. After making coffee...","TertiaryAttribute":null,"Payload":{"QuestionText":"Kerry Bell woke up early to walk the dog. After making coffee...\n\n","DataExportTag":"andro\/common\/Kerry\/Bell","QuestionType":"TE","Selector":"ESTB","DataVisibility":{"Private":false,"Hidden":false},"Configuration":{"QuestionDescriptionOption":"UseText","AllowFreeResponse":"false"},"QuestionDescription":"Kerry Bell woke up early to walk the dog. After making coffee...","Validation":{"Settings":{"ForceResponse":"ON","ForceResponseType":"ON","Type":"None"}},"Language":[],"NextChoiceId":1,"NextAnswerId":1,"QuestionID":"QID174"}},{"SurveyID":"SV_2tMJuAZuNVvjuIJ","Element":"SQ","PrimaryAttribute":"QID144","SecondaryAttribute":"Kerry Moore wanted to learn how to ski. Before trying the first time...","TertiaryAttribute":null,"Payload":{"QuestionText":"Kerry Moore\twanted to learn how to ski. Before trying the first time...\n\n","DataExportTag":"andro\/common\/Kerry\/Moore","QuestionType":"TE","Selector":"ESTB","DataVisibility":{"Private":false,"Hidden":false},"Configuration":{"QuestionDescriptionOption":"UseText","AllowFreeResponse":"false"},"QuestionDescription":"Kerry Moore wanted to learn how to ski. Before trying the first time...","Validation":{"Settings":{"ForceResponse":"ON","ForceResponseType":"ON","Type":"None"}},"Language":[],"NextChoiceId":1,"NextAnswerId":1,"QuestionID":"QID144"}},{"SurveyID":"SV_2tMJuAZuNVvjuIJ","Element":"SQ","PrimaryAttribute":"QID126","SecondaryAttribute":"Kirsten Gillibrand filled a plate of food at the party. While eating it...","TertiaryAttribute":null,"Payload":{"QuestionText":"Kirsten Gillibrand filled a plate of food at the party. While eating it...\n\n","DataExportTag":"fem\/candidate\/Kirsten\/Gillibrand","QuestionType":"TE","Selector":"ESTB","DataVisibility":{"Private":false,"Hidden":false},"Configuration":{"QuestionDescriptionOption":"UseText","AllowFreeResponse":"false"},"QuestionDescription":"Kirsten Gillibrand filled a plate of food at the party. While eating it...","Validation":{"Settings":{"ForceResponse":"ON","ForceResponseType":"ON","Type":"None"}},"Language":[],"NextChoiceId":1,"NextAnswerId":1,"QuestionID":"QID126"}},{"SurveyID":"SV_2tMJuAZuNVvjuIJ","Element":"SQ","PrimaryAttribute":"QID189","SecondaryAttribute":"Marianne Williamson went on a run at the local park. Before finishing...","TertiaryAttribute":null,"Payload":{"QuestionText":"Marianne Williamson went on a run at the local park. Before finishing...\n\n","DataExportTag":"fem\/candidate\/Marianne\/Williamson","QuestionType":"TE","Selector":"ESTB","DataVisibility":{"Private":false,"Hidden":false},"Configuration":{"QuestionDescriptionOption":"UseText","AllowFreeResponse":"false"},"QuestionDescription":"Marianne Williamson went on a run at the local park. Before finishing...","Validation":{"Settings":{"ForceResponse":"ON","ForceResponseType":"ON","Type":"None"}},"Language":[],"NextChoiceId":1,"NextAnswerId":1,"QuestionID":"QID189"}},{"SurveyID":"SV_2tMJuAZuNVvjuIJ","Element":"SQ","PrimaryAttribute":"QID150","SecondaryAttribute":"Mary Brown got into bed. Before falling asleep...","TertiaryAttribute":null,"Payload":{"QuestionText":"Mary Brown got into bed. Before falling asleep...\n\n","DataExportTag":"fem\/common\/Mary\/Brown","QuestionType":"TE","Selector":"ESTB","DataVisibility":{"Private":false,"Hidden":false},"Configuration":{"QuestionDescriptionOption":"UseText","AllowFreeResponse":"false"},"QuestionDescription":"Mary Brown got into bed. Before falling asleep...","Validation":{"Settings":{"ForceResponse":"ON","ForceResponseType":"ON","Type":"None"}},"Language":[],"NextChoiceId":1,"NextAnswerId":1,"QuestionID":"QID150"}},{"SurveyID":"SV_2tMJuAZuNVvjuIJ","Element":"SQ","PrimaryAttribute":"QID180","SecondaryAttribute":"Mary Collins received a text. After reading it...","TertiaryAttribute":null,"Payload":{"QuestionText":"Mary Collins received a text. After reading it...\n\n","DataExportTag":"fem\/common\/Mary\/Collins","QuestionType":"TE","Selector":"ESTB","DataVisibility":{"Private":false,"Hidden":false},"Configuration":{"QuestionDescriptionOption":"UseText","AllowFreeResponse":"false"},"QuestionDescription":"Mary Collins received a text. After reading it...","Validation":{"Settings":{"ForceResponse":"ON","ForceResponseType":"ON","Type":"None"}},"Language":[],"NextChoiceId":1,"NextAnswerId":1,"QuestionID":"QID180"}},{"SurveyID":"SV_2tMJuAZuNVvjuIJ","Element":"SQ","PrimaryAttribute":"QID120","SecondaryAttribute":"Mary Cooper carried the bags into the house. After putting everything away...","TertiaryAttribute":null,"Payload":{"QuestionText":"Mary Cooper carried the bags into the house. After putting everything away...\n\n","DataExportTag":"fem\/common\/Mary\/Cooper","QuestionType":"TE","Selector":"ESTB","DataVisibility":{"Private":false,"Hidden":false},"Configuration":{"QuestionDescriptionOption":"UseText","AllowFreeResponse":"false"},"QuestionDescription":"Mary Cooper carried the bags into the house. After putting everything away...","Validation":{"Settings":{"ForceResponse":"ON","ForceResponseType":"ON","Type":"None"}},"Language":[],"NextChoiceId":1,"NextAnswerId":1,"QuestionID":"QID120"}},{"SurveyID":"SV_2tMJuAZuNVvjuIJ","Element":"SQ","PrimaryAttribute":"QID162","SecondaryAttribute":"Matthew Brown wanted to learn how to ski. Before trying the first time...","TertiaryAttribute":null,"Payload":{"QuestionText":"Matthew Brown wanted to learn how to ski. Before trying the first time...\n\n","DataExportTag":"masc\/common\/Matthew\/Brown","QuestionType":"TE","Selector":"ESTB","DataVisibility":{"Private":false,"Hidden":false},"Configuration":{"QuestionDescriptionOption":"UseText","AllowFreeResponse":"false"},"QuestionDescription":"Matthew Brown wanted to learn how to ski. Before trying the first time...","Validation":{"Settings":{"ForceResponse":"ON","ForceResponseType":"ON","Type":"None"}},"Language":[],"NextChoiceId":1,"NextAnswerId":1,"QuestionID":"QID162"}},{"SurveyID":"SV_2tMJuAZuNVvjuIJ","Element":"SQ","PrimaryAttribute":"QID102","SecondaryAttribute":"Matthew Smith woke up early to walk the dog. After making coffee...","TertiaryAttribute":null,"Payload":{"QuestionText":"Matthew Smith woke up early to walk the dog. After making coffee...\n\n","DataExportTag":"masc\/common\/Matthew\/Smith","QuestionType":"TE","Selector":"ESTB","DataVisibility":{"Private":false,"Hidden":false},"Configuration":{"QuestionDescriptionOption":"UseText","AllowFreeResponse":"false"},"QuestionDescription":"Matthew Smith woke up early to walk the dog. After making coffee...","Validation":{"Settings":{"ForceResponse":"ON","ForceResponseType":"ON","Type":"None"}},"Language":[],"NextChoiceId":1,"NextAnswerId":1,"QuestionID":"QID102"}},{"SurveyID":"SV_2tMJuAZuNVvjuIJ","Element":"SQ","PrimaryAttribute":"QID132","SecondaryAttribute":"Matthew Turner tried to call the doctor's office. After leaving a voicemail...","TertiaryAttribute":null,"Payload":{"QuestionText":"Matthew Turner tried to call the doctor's office. After leaving a voicemail...\n\n","DataExportTag":"masc\/common\/Matthew\/Turner","QuestionType":"TE","Selector":"ESTB","DataVisibility":{"Private":false,"Hidden":false},"Configuration":{"QuestionDescriptionOption":"UseText","AllowFreeResponse":"false"},"QuestionDescription":"Matthew Turner tried to call the doctor's office. After leaving a voicemail...","Validation":{"Settings":{"ForceResponse":"ON","ForceResponseType":"ON","Type":"None"}},"Language":[],"NextChoiceId":1,"NextAnswerId":1,"QuestionID":"QID132"}},{"SurveyID":"SV_2tMJuAZuNVvjuIJ","Element":"SQ","PrimaryAttribute":"QID123","SecondaryAttribute":"Michael Bennett got out of the pool. After drying off...","TertiaryAttribute":null,"Payload":{"QuestionText":"Michael Bennett got out of the pool. After drying off...\n\n","DataExportTag":"masc\/candidate\/Michael\/Bennett","QuestionType":"TE","Selector":"ESTB","DataVisibility":{"Private":false,"Hidden":false},"Configuration":{"QuestionDescriptionOption":"UseText","AllowFreeResponse":"false"},"QuestionDescription":"Michael Bennett got out of the pool. After drying off...","Validation":{"Settings":{"ForceResponse":"ON","ForceResponseType":"ON","Type":"None"}},"Language":[],"NextChoiceId":1,"NextAnswerId":1,"QuestionID":"QID123"}},{"SurveyID":"SV_2tMJuAZuNVvjuIJ","Element":"SQ","PrimaryAttribute":"QID127","SecondaryAttribute":"Mike Gravel played with the cat. After watching it chase the laser pointer...","TertiaryAttribute":null,"Payload":{"QuestionText":"Mike Gravel played with the cat. After watching it chase the laser pointer...\n\n","DataExportTag":"masc\/candidate\/Mike\/Gravel","QuestionType":"TE","Selector":"ESTB","DataVisibility":{"Private":false,"Hidden":false},"Configuration":{"QuestionDescriptionOption":"UseText","AllowFreeResponse":"false"},"QuestionDescription":"Mike Gravel played with the cat. After watching it chase the laser pointer...","Validation":{"Settings":{"ForceResponse":"ON","ForceResponseType":"ON","Type":"None"}},"Language":[],"NextChoiceId":1,"NextAnswerId":1,"QuestionID":"QID127"}},{"SurveyID":"SV_2tMJuAZuNVvjuIJ","Element":"SQ","PrimaryAttribute":"QID2","SecondaryAttribute":"Mturkconsent1","TertiaryAttribute":null,"Payload":{"QuestionText":"Mturkconsent1","DefaultChoices":false,"DataExportTag":"Q3","QuestionType":"DB","Selector":"GRB","SubSelector":"WOTXB","DataVisibility":{"Private":false,"Hidden":false},"Configuration":{"QuestionDescriptionOption":"UseText"},"QuestionDescription":"Mturkconsent1","ChoiceOrder":[],"Validation":{"Settings":{"Type":"None"}},"GradingData":[],"Language":[],"NextChoiceId":4,"NextAnswerId":1,"Graphics":"IM_25nzSRODNub7jZX","GraphicsDescription":"Mturkconsent1","QuestionID":"QID2"}},{"SurveyID":"SV_2tMJuAZuNVvjuIJ","Element":"SQ","PrimaryAttribute":"QID3","SecondaryAttribute":"Mturkconsent2","TertiaryAttribute":null,"Payload":{"QuestionText":"Mturkconsent2","DefaultChoices":false,"DataExportTag":"Q5","QuestionType":"DB","Selector":"GRB","SubSelector":"WOTXB","DataVisibility":{"Private":false,"Hidden":false},"Configuration":{"QuestionDescriptionOption":"UseText"},"QuestionDescription":"Mturkconsent2","ChoiceOrder":[],"Validation":{"Settings":{"Type":"None"}},"GradingData":[],"Language":[],"NextChoiceId":4,"NextAnswerId":1,"Graphics":"IM_9MieoiHpCsVVSYt","GraphicsDescription":"Mturkconsent2","QuestionID":"QID3"}},{"SurveyID":"SV_2tMJuAZuNVvjuIJ","Element":"SQ","PrimaryAttribute":"QID4","SecondaryAttribute":"Mturkconsent3","TertiaryAttribute":null,"Payload":{"QuestionText":"Mturkconsent3","DefaultChoices":false,"DataExportTag":"Q7","QuestionType":"DB","Selector":"GRB","SubSelector":"WOTXB","DataVisibility":{"Private":false,"Hidden":false},"Configuration":{"QuestionDescriptionOption":"UseText"},"QuestionDescription":"Mturkconsent3","ChoiceOrder":[],"Validation":{"Settings":{"Type":"None"}},"GradingData":[],"Language":[],"NextChoiceId":4,"NextAnswerId":1,"Graphics":"IM_5ju6T8nHPAlqkpD","GraphicsDescription":"Mturkconsent3","QuestionID":"QID4"}},{"SurveyID":"SV_2tMJuAZuNVvjuIJ","Element":"SQ","PrimaryAttribute":"QID154","SecondaryAttribute":"Pete Buttigieg woke up early to walk the dog. After making coffee...","TertiaryAttribute":null,"Payload":{"QuestionText":"Pete Buttigieg woke up early to walk the dog. After making coffee...\n\n","DataExportTag":"masc\/candidate\/Pete\/Buttigieg","QuestionType":"TE","Selector":"ESTB","DataVisibility":{"Private":false,"Hidden":false},"Configuration":{"QuestionDescriptionOption":"UseText","AllowFreeResponse":"false"},"QuestionDescription":"Pete Buttigieg woke up early to walk the dog. After making coffee...","Validation":{"Settings":{"ForceResponse":"ON","ForceResponseType":"ON","Type":"None"}},"Language":[],"NextChoiceId":1,"NextAnswerId":1,"QuestionID":"QID154"}},{"SurveyID":"SV_2tMJuAZuNVvjuIJ","Element":"SQ","PrimaryAttribute":"QID6","SecondaryAttribute":"Please answer the following questions about your demographic information.","TertiaryAttribute":null,"Payload":{"QuestionText":"Please answer the following questions about your demographic information.","DefaultChoices":false,"DataExportTag":"Q11","QuestionType":"DB","Selector":"TB","DataVisibility":{"Private":false,"Hidden":false},"Configuration":{"QuestionDescriptionOption":"UseText"},"QuestionDescription":"Please answer the following questions about your demographic information.","ChoiceOrder":[],"Validation":{"Settings":{"Type":"None"}},"GradingData":[],"Language":[],"NextChoiceId":4,"NextAnswerId":1,"QuestionID":"QID6"}},{"SurveyID":"SV_2tMJuAZuNVvjuIJ","Element":"SQ","PrimaryAttribute":"QID5","SecondaryAttribute":"Please indicate that you have read the informed consent document and agree to participate in the...","TertiaryAttribute":null,"Payload":{"QuestionText":"Please indicate that you have read the informed consent document and agree to participate in the study.","DefaultChoices":false,"DataExportTag":"Q9","QuestionType":"MC","Selector":"SAVR","SubSelector":"TX","DataVisibility":{"Private":false,"Hidden":false},"Configuration":{"QuestionDescriptionOption":"UseText"},"QuestionDescription":"Please indicate that you have read the informed consent document and agree to participate in the...","Choices":{"1":{"Display":"I want to participate in this study."}},"ChoiceOrder":[1],"Validation":{"Settings":{"ForceResponse":"ON","ForceResponseType":"ON","Type":"None"}},"GradingData":[],"Language":[],"NextChoiceId":2,"NextAnswerId":1,"QuestionID":"QID5"}},{"SurveyID":"SV_2tMJuAZuNVvjuIJ","Element":"SQ","PrimaryAttribute":"QID139","SecondaryAttribute":"Quinn Brooks finished writing a paper. While waiting for it to print...","TertiaryAttribute":null,"Payload":{"QuestionText":"Quinn Brooks finished writing a paper. While waiting for it to print...\n\n","DataExportTag":"andro\/common\/Quinn\/Brooks","QuestionType":"TE","Selector":"ESTB","DataVisibility":{"Private":false,"Hidden":false},"Configuration":{"QuestionDescriptionOption":"UseText","AllowFreeResponse":"false"},"QuestionDescription":"Quinn Brooks finished writing a paper. While waiting for it to print...","Validation":{"Settings":{"ForceResponse":"ON","ForceResponseType":"ON","Type":"None"}},"Language":[],"NextChoiceId":1,"NextAnswerId":1,"QuestionID":"QID139"}},{"SurveyID":"SV_2tMJuAZuNVvjuIJ","Element":"SQ","PrimaryAttribute":"QID169","SecondaryAttribute":"Quinn Parker went to see a show. During the intermission...","TertiaryAttribute":null,"Payload":{"QuestionText":"Quinn Parker went to see a show. During the intermission...\n\n","DataExportTag":"andro\/common\/Quinn\/Parker","QuestionType":"TE","Selector":"ESTB","DataVisibility":{"Private":false,"Hidden":false},"Configuration":{"QuestionDescriptionOption":"UseText","AllowFreeResponse":"false"},"QuestionDescription":"Quinn Parker went to see a show. During the intermission...","Validation":{"Settings":{"ForceResponse":"ON","ForceResponseType":"ON","Type":"None"}},"Language":[],"NextChoiceId":1,"NextAnswerId":1,"QuestionID":"QID169"}},{"SurveyID":"SV_2tMJuAZuNVvjuIJ","Element":"SQ","PrimaryAttribute":"QID109","SecondaryAttribute":"Quinn Young bought a new phone. Before getting rid of the old one...","TertiaryAttribute":null,"Payload":{"QuestionText":"Quinn Young bought a new phone. Before getting rid of the old one...\n\n","DataExportTag":"andro\/common\/Quinn\/Young","QuestionType":"TE","Selector":"ESTB","DataVisibility":{"Private":false,"Hidden":false},"Configuration":{"QuestionDescriptionOption":"UseText","AllowFreeResponse":"false"},"QuestionDescription":"Quinn Young bought a new phone. Before getting rid of the old one...","Validation":{"Settings":{"ForceResponse":"ON","ForceResponseType":"ON","Type":"None"}},"Language":[],"NextChoiceId":1,"NextAnswerId":1,"QuestionID":"QID109"}},{"SurveyID":"SV_2tMJuAZuNVvjuIJ","Element":"SQ","PrimaryAttribute":"QID9","SecondaryAttribute":"Race\/ethnicity","TertiaryAttribute":null,"Payload":{"QuestionText":"Race\/ethnicity","DefaultChoices":false,"DataExportTag":"race","QuestionType":"MC","Selector":"MAVR","SubSelector":"TX","DataVisibility":{"Private":false,"Hidden":false},"Configuration":{"QuestionDescriptionOption":"UseText"},"QuestionDescription":"Race\/ethnicity","Choices":{"1":{"Display":"White"},"2":{"Display":"Black or African American"},"3":{"Display":"American Indian or Alaska Native"},"4":{"Display":"Asian"},"5":{"Display":"Native Hawaiian or Pacific Islander"},"6":{"Display":"Other"}},"ChoiceOrder":[1,2,3,4,5,6],"Validation":{"Settings":{"ForceResponse":"ON","ForceResponseType":"ON","Type":"None"}},"GradingData":[],"Language":[],"NextChoiceId":7,"NextAnswerId":1,"QuestionID":"QID9"}},{"SurveyID":"SV_2tMJuAZuNVvjuIJ","Element":"SQ","PrimaryAttribute":"QID121","SecondaryAttribute":"Rebecca Bell went out to dinner for a friend's birthday. During the meal...","TertiaryAttribute":null,"Payload":{"QuestionText":"Rebecca Bell went out to dinner for a friend's birthday. During the meal...\n\n","DataExportTag":"fem\/common\/Rebecca\/Bell","QuestionType":"TE","Selector":"ESTB","DataVisibility":{"Private":false,"Hidden":false},"Configuration":{"QuestionDescriptionOption":"UseText","AllowFreeResponse":"false"},"QuestionDescription":"Rebecca Bell went out to dinner for a friend's birthday. During the meal...","Validation":{"Settings":{"ForceResponse":"ON","ForceResponseType":"ON","Type":"None"}},"Language":[],"NextChoiceId":1,"NextAnswerId":1,"QuestionID":"QID121"}},{"SurveyID":"SV_2tMJuAZuNVvjuIJ","Element":"SQ","PrimaryAttribute":"QID151","SecondaryAttribute":"Rebecca King got out of the pool. After drying off...","TertiaryAttribute":null,"Payload":{"QuestionText":"Rebecca King got out of the pool. After drying off...\n\n","DataExportTag":"fem\/common\/Rebecca\/King","QuestionType":"TE","Selector":"ESTB","DataVisibility":{"Private":false,"Hidden":false},"Configuration":{"QuestionDescriptionOption":"UseText","AllowFreeResponse":"false"},"QuestionDescription":"Rebecca King got out of the pool. After drying off...","Validation":{"Settings":{"ForceResponse":"ON","ForceResponseType":"ON","Type":"None"}},"Language":[],"NextChoiceId":1,"NextAnswerId":1,"QuestionID":"QID151"}},{"SurveyID":"SV_2tMJuAZuNVvjuIJ","Element":"SQ","PrimaryAttribute":"QID181","SecondaryAttribute":"Rebecca Wright finished writing a paper. While waiting for it to print...","TertiaryAttribute":null,"Payload":{"QuestionText":"Rebecca Wright finished writing a paper. While waiting for it to print...\n\n","DataExportTag":"fem\/common\/Rebecca\/Wright","QuestionType":"TE","Selector":"ESTB","DataVisibility":{"Private":false,"Hidden":false},"Configuration":{"QuestionDescriptionOption":"UseText","AllowFreeResponse":"false"},"QuestionDescription":"Rebecca Wright finished writing a paper. While waiting for it to print...","Validation":{"Settings":{"ForceResponse":"ON","ForceResponseType":"ON","Type":"None"}},"Language":[],"NextChoiceId":1,"NextAnswerId":1,"QuestionID":"QID181"}},{"SurveyID":"SV_2tMJuAZuNVvjuIJ","Element":"SQ","PrimaryAttribute":"QID170","SecondaryAttribute":"Reese Campbell got home from work and cooked dinner. After washing the dishes...","TertiaryAttribute":null,"Payload":{"QuestionText":"Reese Campbell got home from work and cooked dinner. After washing the dishes...\n\n","DataExportTag":"andro\/common\/Reese\/Campbell","QuestionType":"TE","Selector":"ESTB","DataVisibility":{"Private":false,"Hidden":false},"Configuration":{"QuestionDescriptionOption":"UseText","AllowFreeResponse":"false"},"QuestionDescription":"Reese Campbell got home from work and cooked dinner. After washing the dishes...","Validation":{"Settings":{"ForceResponse":"ON","ForceResponseType":"ON","Type":"None"}},"Language":[],"NextChoiceId":1,"NextAnswerId":1,"QuestionID":"QID170"}},{"SurveyID":"SV_2tMJuAZuNVvjuIJ","Element":"SQ","PrimaryAttribute":"QID110","SecondaryAttribute":"Reese King opened the gift. After seeing what it was...","TertiaryAttribute":null,"Payload":{"QuestionText":"Reese King opened the gift. After seeing what it was...\n\n","DataExportTag":"andro\/common\/Reese\/King","QuestionType":"TE","Selector":"ESTB","DataVisibility":{"Private":false,"Hidden":false},"Configuration":{"QuestionDescriptionOption":"UseText","AllowFreeResponse":"false"},"QuestionDescription":"Reese King opened the gift. After seeing what it was...","Validation":{"Settings":{"ForceResponse":"ON","ForceResponseType":"ON","Type":"None"}},"Language":[],"NextChoiceId":1,"NextAnswerId":1,"QuestionID":"QID110"}},{"SurveyID":"SV_2tMJuAZuNVvjuIJ","Element":"SQ","PrimaryAttribute":"QID140","SecondaryAttribute":"Reese Parker caught the ball. Before throwing it back...","TertiaryAttribute":null,"Payload":{"QuestionText":"Reese Parker caught the ball. Before throwing it back...\n\n","DataExportTag":"andro\/common\/Reese\/Parker","QuestionType":"TE","Selector":"ESTB","DataVisibility":{"Private":false,"Hidden":false},"Configuration":{"QuestionDescriptionOption":"UseText","AllowFreeResponse":"false"},"QuestionDescription":"Reese Parker caught the ball. Before throwing it back...","Validation":{"Settings":{"ForceResponse":"ON","ForceResponseType":"ON","Type":"None"}},"Language":[],"NextChoiceId":1,"NextAnswerId":1,"QuestionID":"QID140"}},{"SurveyID":"SV_2tMJuAZuNVvjuIJ","Element":"SQ","PrimaryAttribute":"QID142","SecondaryAttribute":"Riley Campbell went to see a show. During the intermission...","TertiaryAttribute":null,"Payload":{"QuestionText":"Riley Campbell went to see a show. During the intermission...\n\n","DataExportTag":"andro\/common\/Riley\/Campbell","QuestionType":"TE","Selector":"ESTB","DataVisibility":{"Private":false,"Hidden":false},"Configuration":{"QuestionDescriptionOption":"UseText","AllowFreeResponse":"false"},"QuestionDescription":"Riley Campbell went to see a show. During the intermission...","Validation":{"Settings":{"ForceResponse":"ON","ForceResponseType":"ON","Type":"None"}},"Language":[],"NextChoiceId":1,"NextAnswerId":1,"QuestionID":"QID142"}},{"SurveyID":"SV_2tMJuAZuNVvjuIJ","Element":"SQ","PrimaryAttribute":"QID172","SecondaryAttribute":"Riley Cook collected the trash. After taking it out...","TertiaryAttribute":null,"Payload":{"QuestionText":"Riley Cook collected the trash. After taking it out...\n\n","DataExportTag":"andro\/common\/Riley\/Cook","QuestionType":"TE","Selector":"ESTB","DataVisibility":{"Private":false,"Hidden":false},"Configuration":{"QuestionDescriptionOption":"UseText","AllowFreeResponse":"false"},"QuestionDescription":"Riley Cook collected the trash. After taking it out...","Validation":{"Settings":{"ForceResponse":"ON","ForceResponseType":"ON","Type":"None"}},"Language":[],"NextChoiceId":1,"NextAnswerId":1,"QuestionID":"QID172"}},{"SurveyID":"SV_2tMJuAZuNVvjuIJ","Element":"SQ","PrimaryAttribute":"QID112","SecondaryAttribute":"Riley Hill wanted to learn how to ski. Before trying the first time...","TertiaryAttribute":null,"Payload":{"QuestionText":"Riley Hill wanted to learn how to ski. Before trying the first time...\n\n","DataExportTag":"andro\/common\/Riley\/Hill","QuestionType":"TE","Selector":"ESTB","DataVisibility":{"Private":false,"Hidden":false},"Configuration":{"QuestionDescriptionOption":"UseText","AllowFreeResponse":"false"},"QuestionDescription":"Riley Hill wanted to learn how to ski. Before trying the first time...","Validation":{"Settings":{"ForceResponse":"ON","ForceResponseType":"ON","Type":"None"}},"Language":[],"NextChoiceId":1,"NextAnswerId":1,"QuestionID":"QID112"}},{"SurveyID":"SV_2tMJuAZuNVvjuIJ","Element":"SQ","PrimaryAttribute":"QID187","SecondaryAttribute":"Seth Moulton painted the room. While the walls dried...","TertiaryAttribute":null,"Payload":{"QuestionText":"Seth Moulton painted the room. While the walls dried...\n\n","DataExportTag":"masc\/candidate\/Seth\/Moulton","QuestionType":"TE","Selector":"ESTB","DataVisibility":{"Private":false,"Hidden":false},"Configuration":{"QuestionDescriptionOption":"UseText","AllowFreeResponse":"false"},"QuestionDescription":"Seth Moulton painted the room. While the walls dried...","Validation":{"Settings":{"ForceResponse":"ON","ForceResponseType":"ON","Type":"None"}},"Language":[],"NextChoiceId":1,"NextAnswerId":1,"QuestionID":"QID187"}},{"SurveyID":"SV_2tMJuAZuNVvjuIJ","Element":"SQ","PrimaryAttribute":"QID153","SecondaryAttribute":"Steve Bullock closed the door. After locking it...","TertiaryAttribute":null,"Payload":{"QuestionText":"Steve Bullock closed the door. After locking it...\n\n","DataExportTag":"masc\/candidate\/Steve\/Bullock","QuestionType":"TE","Selector":"ESTB","DataVisibility":{"Private":false,"Hidden":false},"Configuration":{"QuestionDescriptionOption":"UseText","AllowFreeResponse":"false"},"QuestionDescription":"Steve Bullock closed the door. After locking it...","Validation":{"Settings":{"ForceResponse":"ON","ForceResponseType":"ON","Type":"None"}},"Language":[],"NextChoiceId":1,"NextAnswerId":1,"QuestionID":"QID153"}},{"SurveyID":"SV_2tMJuAZuNVvjuIJ","Element":"SQ","PrimaryAttribute":"QID138","SecondaryAttribute":"Stevie Cooper carried the bags into the house. After putting everything away...","TertiaryAttribute":null,"Payload":{"QuestionText":"Stevie Cooper carried the bags into the house. After putting everything away...\n\n","DataExportTag":"andro\/common\/Stevie\/Cooper","QuestionType":"TE","Selector":"ESTB","DataVisibility":{"Private":false,"Hidden":false},"Configuration":{"QuestionDescriptionOption":"UseText","AllowFreeResponse":"false"},"QuestionDescription":"Stevie Cooper carried the bags into the house. After putting everything away...","Validation":{"Settings":{"ForceResponse":"ON","ForceResponseType":"ON","Type":"None"}},"Language":[],"NextChoiceId":1,"NextAnswerId":1,"QuestionID":"QID138"}},{"SurveyID":"SV_2tMJuAZuNVvjuIJ","Element":"SQ","PrimaryAttribute":"QID168","SecondaryAttribute":"Stevie Ward got out of the pool. After drying off...","TertiaryAttribute":null,"Payload":{"QuestionText":"Stevie Ward\tgot out of the pool. After drying off...\n\n","DataExportTag":"andro\/common\/Stevie\/Ward","QuestionType":"TE","Selector":"ESTB","DataVisibility":{"Private":false,"Hidden":false},"Configuration":{"QuestionDescriptionOption":"UseText","AllowFreeResponse":"false"},"QuestionDescription":"Stevie Ward got out of the pool. After drying off...","Validation":{"Settings":{"ForceResponse":"ON","ForceResponseType":"ON","Type":"None"}},"Language":[],"NextChoiceId":1,"NextAnswerId":1,"QuestionID":"QID168"}},{"SurveyID":"SV_2tMJuAZuNVvjuIJ","Element":"SQ","PrimaryAttribute":"QID108","SecondaryAttribute":"Stevie White tried to call the doctor's office. After leaving a voicemail...","TertiaryAttribute":null,"Payload":{"QuestionText":"Stevie White tried to call the doctor's office. After leaving a voicemail...\n\n","DataExportTag":"andro\/common\/Stevie\/White","QuestionType":"TE","Selector":"ESTB","DataVisibility":{"Private":false,"Hidden":false},"Configuration":{"QuestionDescriptionOption":"UseText","AllowFreeResponse":"false"},"QuestionDescription":"Stevie White tried to call the doctor's office. After leaving a voicemail...","Validation":{"Settings":{"ForceResponse":"ON","ForceResponseType":"ON","Type":"None"}},"Language":[],"NextChoiceId":1,"NextAnswerId":1,"QuestionID":"QID108"}},{"SurveyID":"SV_2tMJuAZuNVvjuIJ","Element":"SQ","PrimaryAttribute":"QID171","SecondaryAttribute":"Taylor Miller ordered pizza. Before it arrived...","TertiaryAttribute":null,"Payload":{"QuestionText":"Taylor Miller ordered pizza. Before it arrived...\n\n","DataExportTag":"andro\/common\/Taylor\/Miller","QuestionType":"TE","Selector":"ESTB","DataVisibility":{"Private":false,"Hidden":false},"Configuration":{"QuestionDescriptionOption":"UseText","AllowFreeResponse":"false"},"QuestionDescription":"Taylor Miller ordered pizza. Before it arrived...","Validation":{"Settings":{"ForceResponse":"ON","ForceResponseType":"ON","Type":"None"}},"Language":[],"NextChoiceId":1,"NextAnswerId":1,"QuestionID":"QID171"}},{"SurveyID":"SV_2tMJuAZuNVvjuIJ","Element":"SQ","PrimaryAttribute":"QID141","SecondaryAttribute":"Taylor Smith made a mug of tea. Before it cooled...","TertiaryAttribute":null,"Payload":{"QuestionText":"Taylor Smith made a mug of tea. Before it cooled...\n\n","DataExportTag":"andro\/common\/Taylor\/Smith","QuestionType":"TE","Selector":"ESTB","DataVisibility":{"Private":false,"Hidden":false},"Configuration":{"QuestionDescriptionOption":"UseText","AllowFreeResponse":"false"},"QuestionDescription":"Taylor Smith made a mug of tea. Before it cooled...","Validation":{"Settings":{"ForceResponse":"ON","ForceResponseType":"ON","Type":"None"}},"Language":[],"NextChoiceId":1,"NextAnswerId":1,"QuestionID":"QID141"}},{"SurveyID":"SV_2tMJuAZuNVvjuIJ","Element":"SQ","PrimaryAttribute":"QID111","SecondaryAttribute":"Taylor Wright ordered pizza. Before it arrived...","TertiaryAttribute":null,"Payload":{"QuestionText":"Taylor Wright ordered pizza. Before it arrived...\n\n","DataExportTag":"andro\/common\/Taylor\/Wright","QuestionType":"TE","Selector":"ESTB","DataVisibility":{"Private":false,"Hidden":false},"Configuration":{"QuestionDescriptionOption":"UseText","AllowFreeResponse":"false"},"QuestionDescription":"Taylor Wright ordered pizza. Before it arrived...","Validation":{"Settings":{"ForceResponse":"ON","ForceResponseType":"ON","Type":"None"}},"Language":[],"NextChoiceId":1,"NextAnswerId":1,"QuestionID":"QID111"}},{"SurveyID":"SV_2tMJuAZuNVvjuIJ","Element":"SQ","PrimaryAttribute":"QID12","SecondaryAttribute":"Thank you for taking part in this study! If you have any questions or concerns, please email conv...","TertiaryAttribute":null,"Payload":{"QuestionText":"<p>Thank you for taking part in this study! If you have any questions or concerns, please email conversationlabvanderbilt@gmail.com&nbsp;<\/p><p><br><\/p><p>Here is your validation code for Mechanical Turk: RAIN<\/p><br>DON'T FORGET: After you have written down your survey code, you MUST click the arrow button one more time or your answers will not be submitted. &nbsp;&nbsp;<div><br><\/div><div>Please also provide your Mechanical Turk Worker ID here:<\/div>","DefaultChoices":false,"DataExportTag":"turkID","QuestionType":"TE","Selector":"SL","DataVisibility":{"Private":false,"Hidden":false},"Configuration":{"QuestionDescriptionOption":"UseText","AllowFreeResponse":"false"},"QuestionDescription":"Thank you for taking part in this study! If you have any questions or concerns, please email conv...","Validation":{"Settings":{"ForceResponse":"ON","ForceResponseType":"ON","Type":"None"}},"GradingData":[],"Language":[],"NextChoiceId":4,"NextAnswerId":1,"QuestionID":"QID12"}},{"SurveyID":"SV_2tMJuAZuNVvjuIJ","Element":"SQ","PrimaryAttribute":"QID129","SecondaryAttribute":"Tim Ryan collected the trash. After taking it out...","TertiaryAttribute":null,"Payload":{"QuestionText":"Tim Ryan collected the trash. After taking it out...\n\n","DataExportTag":"masc\/candidate\/Tim\/Ryan","QuestionType":"TE","Selector":"ESTB","DataVisibility":{"Private":false,"Hidden":false},"Configuration":{"QuestionDescriptionOption":"UseText","AllowFreeResponse":"false"},"QuestionDescription":"Tim Ryan collected the trash. After taking it out...","Validation":{"Settings":{"ForceResponse":"ON","ForceResponseType":"ON","Type":"None"}},"Language":[],"NextChoiceId":1,"NextAnswerId":1,"QuestionID":"QID129"}},{"SurveyID":"SV_2tMJuAZuNVvjuIJ","Element":"SQ","PrimaryAttribute":"QID106","SecondaryAttribute":"Tommie Brown closed the door. After locking it...","TertiaryAttribute":null,"Payload":{"QuestionText":"Tommie Brown closed the door. After locking it...\n\n","DataExportTag":"andro\/common\/Tommie\/Brown","QuestionType":"TE","Selector":"ESTB","DataVisibility":{"Private":false,"Hidden":false},"Configuration":{"QuestionDescriptionOption":"UseText","AllowFreeResponse":"false"},"QuestionDescription":"Tommie Brown closed the door. After locking it...","Validation":{"Settings":{"ForceResponse":"ON","ForceResponseType":"ON","Type":"None"}},"Language":[],"NextChoiceId":1,"NextAnswerId":1,"QuestionID":"QID106"}},{"SurveyID":"SV_2tMJuAZuNVvjuIJ","Element":"SQ","PrimaryAttribute":"QID136","SecondaryAttribute":"Tommie Hill filled the bath. After getting in...","TertiaryAttribute":null,"Payload":{"QuestionText":"Tommie Hill\tfilled the bath. After getting in...\n\n","DataExportTag":"andro\/common\/Tommie\/Hill","QuestionType":"TE","Selector":"ESTB","DataVisibility":{"Private":false,"Hidden":false},"Configuration":{"QuestionDescriptionOption":"UseText","AllowFreeResponse":"false"},"QuestionDescription":"Tommie Hill filled the bath. After getting in...","Validation":{"Settings":{"ForceResponse":"ON","ForceResponseType":"ON","Type":"None"}},"Language":[],"NextChoiceId":1,"NextAnswerId":1,"QuestionID":"QID136"}},{"SurveyID":"SV_2tMJuAZuNVvjuIJ","Element":"SQ","PrimaryAttribute":"QID166","SecondaryAttribute":"Tommie Smith put on a jacket. After getting warm...","TertiaryAttribute":null,"Payload":{"QuestionText":"Tommie Smith put on a jacket. After getting warm...\n\n","DataExportTag":"andro\/common\/Tommie\/Smith","QuestionType":"TE","Selector":"ESTB","DataVisibility":{"Private":false,"Hidden":false},"Configuration":{"QuestionDescriptionOption":"UseText","AllowFreeResponse":"false"},"QuestionDescription":"Tommie Smith put on a jacket. After getting warm...","Validation":{"Settings":{"ForceResponse":"ON","ForceResponseType":"ON","Type":"None"}},"Language":[],"NextChoiceId":1,"NextAnswerId":1,"QuestionID":"QID166"}},{"SurveyID":"SV_2tMJuAZuNVvjuIJ","Element":"SQ","PrimaryAttribute":"QID185","SecondaryAttribute":"Tulsi Gabbard left early in the morning. While waiting at the bus stop...","TertiaryAttribute":null,"Payload":{"QuestionText":"Tulsi Gabbard left early in the morning. While waiting at the bus stop...\n\n","DataExportTag":"fem\/candidate\/Tulsi\/Gabbard","QuestionType":"TE","Selector":"ESTB","DataVisibility":{"Private":false,"Hidden":false},"Configuration":{"QuestionDescriptionOption":"UseText","AllowFreeResponse":"false"},"QuestionDescription":"Tulsi Gabbard left early in the morning. While waiting at the bus stop...","Validation":{"Settings":{"ForceResponse":"ON","ForceResponseType":"ON","Type":"None"}},"Language":[],"NextChoiceId":1,"NextAnswerId":1,"QuestionID":"QID185"}},{"SurveyID":"SV_2tMJuAZuNVvjuIJ","Element":"SQ","PrimaryAttribute":"QID186","SecondaryAttribute":"Wayne Messam filled the bath. After getting in...","TertiaryAttribute":null,"Payload":{"QuestionText":"Wayne Messam filled the bath. After getting in...\n\n","DataExportTag":"masc\/candidate\/Wayne\/Messam","QuestionType":"TE","Selector":"ESTB","DataVisibility":{"Private":false,"Hidden":false},"Configuration":{"QuestionDescriptionOption":"UseText","AllowFreeResponse":"false"},"QuestionDescription":"Wayne Messam filled the bath. After getting in...","Validation":{"Settings":{"ForceResponse":"ON","ForceResponseType":"ON","Type":"None"}},"Language":[],"NextChoiceId":1,"NextAnswerId":1,"QuestionID":"QID186"}},{"SurveyID":"SV_2tMJuAZuNVvjuIJ","Element":"SQ","PrimaryAttribute":"QID192","SecondaryAttribute":"What do you think this study is about?","TertiaryAttribute":null,"Payload":{"QuestionText":"What do you think this study is about?","DefaultChoices":false,"DataExportTag":"Q283","QuestionType":"TE","Selector":"SL","DataVisibility":{"Private":false,"Hidden":false},"Configuration":{"QuestionDescriptionOption":"UseText","AllowFreeResponse":"false"},"QuestionDescription":"What do you think this study is about?","Validation":{"Settings":{"ForceResponse":"ON","ForceResponseType":"ON","Type":"None"}},"GradingData":[],"Language":[],"NextChoiceId":4,"NextAnswerId":1,"QuestionID":"QID192"}},{"SurveyID":"SV_2tMJuAZuNVvjuIJ","Element":"SQ","PrimaryAttribute":"QID11","SecondaryAttribute":"What is your highest education level?","TertiaryAttribute":null,"Payload":{"QuestionText":"What is your highest education level?","DataExportTag":"education","QuestionType":"MC","Selector":"SAVR","SubSelector":"TX","DataVisibility":{"Private":false,"Hidden":false},"Configuration":{"QuestionDescriptionOption":"UseText"},"QuestionDescription":"What is your highest education level?","Choices":{"1":{"Display":"Less than high school"},"2":{"Display":"High school graduate"},"3":{"Display":"Some college"},"4":{"Display":"2 year degree"},"5":{"Display":"4 year degree"},"6":{"Display":"Professional degree"},"7":{"Display":"Doctorate"}},"ChoiceOrder":[1,2,3,4,5,6,7],"Validation":{"Settings":{"ForceResponse":"ON","ForceResponseType":"ON","Type":"None"}},"Language":[],"NextChoiceId":8,"NextAnswerId":1,"QuestionID":"QID11"}},{"SurveyID":"SV_2tMJuAZuNVvjuIJ","Element":"SQ","PrimaryAttribute":"QID191","SecondaryAttribute":"You will see a list of sentences. Please write a reasonable ending for them. Here's an example: P...","TertiaryAttribute":null,"Payload":{"QuestionText":"You will see a list of sentences. Please write a reasonable ending for them.<div>Here's an example:<\/div><div><br><\/div><div>Prompt: \"Bob turned the fan on. Before sitting back down...\"<\/div><div>Answer: \"he poured a glass of water.\"<\/div>","DefaultChoices":false,"DataExportTag":"Q281","QuestionType":"DB","Selector":"TB","DataVisibility":{"Private":false,"Hidden":false},"Configuration":{"QuestionDescriptionOption":"UseText"},"QuestionDescription":"You will see a list of sentences. Please write a reasonable ending for them. Here's an example: P...","ChoiceOrder":[],"Validation":{"Settings":{"Type":"None"}},"GradingData":[],"Language":[],"NextChoiceId":4,"NextAnswerId":1,"QuestionID":"QID191"}}]}