{"SurveyEntry":{"SurveyID":"SV_25ZPsqiXHD9d9Wd","SurveyName":"Names Production - First","SurveyDescription":null,"SurveyOwnerID":"UR_4GZhiRUqxaS7wl7","SurveyBrandID":"peabody","DivisionID":null,"SurveyLanguage":"EN","SurveyActiveResponseSet":"RS_3raPTUVeKcKGeRD","SurveyStatus":"Inactive","SurveyStartDate":"0000-00-00 00:00:00","SurveyExpirationDate":"0000-00-00 00:00:00","SurveyCreationDate":"2019-05-25 23:05:55","CreatorID":"UR_4GZhiRUqxaS7wl7","LastModified":"2022-05-05 12:58:31","LastAccessed":"0000-00-00 00:00:00","LastActivated":"2019-05-28 22:36:10","Deleted":null},"SurveyElements":[{"SurveyID":"SV_25ZPsqiXHD9d9Wd","Element":"BL","PrimaryAttribute":"Survey Blocks","SecondaryAttribute":null,"TertiaryAttribute":null,"Payload":{"0":{"Type":"Default","Description":"Consent","ID":"BL_0IBD2rY7tQ9dR2d","BlockElements":[{"Type":"Question","QuestionID":"QID2"},{"Type":"Question","QuestionID":"QID3"},{"Type":"Question","QuestionID":"QID4"},{"Type":"Question","QuestionID":"QID5"}],"Options":{"BlockLocking":"false","RandomizeQuestions":"false","BlockVisibility":"Collapsed"}},"1":{"Type":"Trash","Description":"Trash \/ Unused Questions","ID":"BL_1BtpgnSRapGCxc9","BlockElements":[]},"2":{"Type":"Standard","SubType":"","Description":"Demographics","ID":"BL_9pe3Y0pZDQ7YwVD","BlockElements":[{"Type":"Question","QuestionID":"QID6"},{"Type":"Question","QuestionID":"QID7"},{"Type":"Question","QuestionID":"QID8"},{"Type":"Question","QuestionID":"QID9"},{"Type":"Question","QuestionID":"QID10"},{"Type":"Question","QuestionID":"QID11"}],"Options":{"BlockLocking":"false","RandomizeQuestions":"false","BlockVisibility":"Collapsed"}},"3":{"Type":"Standard","SubType":"","Description":"Verification","ID":"BL_71yWlpsYKxRNiyp","BlockElements":[{"Type":"Question","QuestionID":"QID12"}],"Options":{"BlockLocking":"false","RandomizeQuestions":"false","BlockVisibility":"Collapsed"}},"10":{"Type":"Standard","SubType":"","Description":"Instructions","ID":"BL_3y3q7dFsH3tBzpz","Options":{"BlockLocking":"false","RandomizeQuestions":"false","BlockVisibility":"Collapsed"},"BlockElements":[{"Type":"Question","QuestionID":"QID101"}]},"11":{"Type":"Standard","SubType":"","Description":"List 1","ID":"BL_8f81Zzrk6IMyJ0x","Options":{"BlockVisibility":"Expanded"},"BlockElements":[{"Type":"Question","QuestionID":"QID189"},{"Type":"Question","QuestionID":"QID190"},{"Type":"Question","QuestionID":"QID191"},{"Type":"Question","QuestionID":"QID192"},{"Type":"Question","QuestionID":"QID193"},{"Type":"Question","QuestionID":"QID194"},{"Type":"Question","QuestionID":"QID195"},{"Type":"Question","QuestionID":"QID196"},{"Type":"Question","QuestionID":"QID276"},{"Type":"Question","QuestionID":"QID198"},{"Type":"Question","QuestionID":"QID199"},{"Type":"Question","QuestionID":"QID200"},{"Type":"Question","QuestionID":"QID201"},{"Type":"Question","QuestionID":"QID202"},{"Type":"Question","QuestionID":"QID203"},{"Type":"Question","QuestionID":"QID204"},{"Type":"Question","QuestionID":"QID205"},{"Type":"Question","QuestionID":"QID206"},{"Type":"Question","QuestionID":"QID207"},{"Type":"Question","QuestionID":"QID208"},{"Type":"Question","QuestionID":"QID209"},{"Type":"Question","QuestionID":"QID210"},{"Type":"Question","QuestionID":"QID211"},{"Type":"Question","QuestionID":"QID212"},{"Type":"Question","QuestionID":"QID213"},{"Type":"Question","QuestionID":"QID214"},{"Type":"Question","QuestionID":"QID215"},{"Type":"Question","QuestionID":"QID216"},{"Type":"Question","QuestionID":"QID217"}]},"12":{"Type":"Standard","SubType":"","Description":"List 2","ID":"BL_d0d14hfhKWSLQGx","Options":{"BlockLocking":"false","RandomizeQuestions":"false","BlockVisibility":"Expanded"},"BlockElements":[{"Type":"Question","QuestionID":"QID218"},{"Type":"Question","QuestionID":"QID219"},{"Type":"Question","QuestionID":"QID220"},{"Type":"Question","QuestionID":"QID221"},{"Type":"Question","QuestionID":"QID222"},{"Type":"Question","QuestionID":"QID223"},{"Type":"Question","QuestionID":"QID224"},{"Type":"Question","QuestionID":"QID225"},{"Type":"Question","QuestionID":"QID226"},{"Type":"Question","QuestionID":"QID227"},{"Type":"Question","QuestionID":"QID228"},{"Type":"Question","QuestionID":"QID229"},{"Type":"Question","QuestionID":"QID230"},{"Type":"Question","QuestionID":"QID231"},{"Type":"Question","QuestionID":"QID232"},{"Type":"Question","QuestionID":"QID233"},{"Type":"Question","QuestionID":"QID234"},{"Type":"Question","QuestionID":"QID235"},{"Type":"Question","QuestionID":"QID236"},{"Type":"Question","QuestionID":"QID237"},{"Type":"Question","QuestionID":"QID238"},{"Type":"Question","QuestionID":"QID239"},{"Type":"Question","QuestionID":"QID240"},{"Type":"Question","QuestionID":"QID241"},{"Type":"Question","QuestionID":"QID242"},{"Type":"Question","QuestionID":"QID243"},{"Type":"Question","QuestionID":"QID244"},{"Type":"Question","QuestionID":"QID245"},{"Type":"Question","QuestionID":"QID246"}]},"13":{"Type":"Standard","SubType":"","Description":"List 3","ID":"BL_bNofkICFDFuSg97","BlockElements":[{"Type":"Question","QuestionID":"QID247"},{"Type":"Question","QuestionID":"QID248"},{"Type":"Question","QuestionID":"QID249"},{"Type":"Question","QuestionID":"QID250"},{"Type":"Question","QuestionID":"QID251"},{"Type":"Question","QuestionID":"QID252"},{"Type":"Question","QuestionID":"QID253"},{"Type":"Question","QuestionID":"QID254"},{"Type":"Question","QuestionID":"QID255"},{"Type":"Question","QuestionID":"QID256"},{"Type":"Question","QuestionID":"QID257"},{"Type":"Question","QuestionID":"QID258"},{"Type":"Question","QuestionID":"QID259"},{"Type":"Question","QuestionID":"QID260"},{"Type":"Question","QuestionID":"QID261"},{"Type":"Question","QuestionID":"QID262"},{"Type":"Question","QuestionID":"QID263"},{"Type":"Question","QuestionID":"QID264"},{"Type":"Question","QuestionID":"QID265"},{"Type":"Question","QuestionID":"QID266"},{"Type":"Question","QuestionID":"QID267"},{"Type":"Question","QuestionID":"QID268"},{"Type":"Question","QuestionID":"QID269"},{"Type":"Question","QuestionID":"QID270"},{"Type":"Question","QuestionID":"QID271"},{"Type":"Question","QuestionID":"QID272"},{"Type":"Question","QuestionID":"QID273"},{"Type":"Question","QuestionID":"QID274"},{"Type":"Question","QuestionID":"QID275"}],"Options":{"BlockLocking":"false","RandomizeQuestions":"false","BlockVisibility":"Expanded"}}}},{"SurveyID":"SV_25ZPsqiXHD9d9Wd","Element":"FL","PrimaryAttribute":"Survey Flow","SecondaryAttribute":null,"TertiaryAttribute":null,"Payload":{"Type":"Root","FlowID":"FL_1","Flow":[{"Type":"Block","ID":"BL_0IBD2rY7tQ9dR2d","FlowID":"FL_2","Autofill":[]},{"Type":"Standard","ID":"BL_3y3q7dFsH3tBzpz","FlowID":"FL_12","Autofill":[]},{"Type":"BlockRandomizer","FlowID":"FL_8","SubSet":1,"EvenPresentation":true,"Flow":[{"Type":"Standard","ID":"BL_8f81Zzrk6IMyJ0x","FlowID":"FL_16","Autofill":[]},{"Type":"Standard","ID":"BL_d0d14hfhKWSLQGx","FlowID":"FL_17","Autofill":[]},{"Type":"Standard","ID":"BL_bNofkICFDFuSg97","FlowID":"FL_18","Autofill":[]}]},{"Type":"Standard","ID":"BL_9pe3Y0pZDQ7YwVD","FlowID":"FL_3","Autofill":[]},{"Type":"Standard","ID":"BL_71yWlpsYKxRNiyp","FlowID":"FL_4","Autofill":[]}],"Properties":{"Count":18,"RemovedFieldsets":[]}}},{"SurveyID":"SV_25ZPsqiXHD9d9Wd","Element":"SO","PrimaryAttribute":"Survey Options","SecondaryAttribute":null,"TertiaryAttribute":null,"Payload":{"BackButton":"false","SaveAndContinue":"true","SurveyProtection":"PublicSurvey","BallotBoxStuffingPrevention":"false","NoIndex":"Yes","SecureResponseFiles":"true","SurveyExpiration":"None","SurveyTermination":"DefaultMessage","Header":"","Footer":"","ProgressBarDisplay":"Text","PartialData":"+1 week","ValidationMessage":"","PreviousButton":" \u2190 ","NextButton":" \u2192 ","SkinLibrary":"qsharing","SkinType":"templated","Skin":{"brandingId":null,"templateId":"*base","overrides":null},"NewScoring":1,"CustomStyles":[],"QuestionsPerPage":"6","ProtectSelectionIds":true}},{"SurveyID":"SV_25ZPsqiXHD9d9Wd","Element":"SCO","PrimaryAttribute":"Scoring","SecondaryAttribute":null,"TertiaryAttribute":null,"Payload":{"ScoringCategories":[],"ScoringCategoryGroups":[],"ScoringSummaryCategory":null,"ScoringSummaryAfterQuestions":0,"ScoringSummaryAfterSurvey":0,"DefaultScoringCategory":null,"AutoScoringCategory":null}},{"SurveyID":"SV_25ZPsqiXHD9d9Wd","Element":"PROJ","PrimaryAttribute":"CORE","SecondaryAttribute":null,"TertiaryAttribute":"1.1.0","Payload":{"ProjectCategory":"CORE","SchemaVersion":"1.1.0"}},{"SurveyID":"SV_25ZPsqiXHD9d9Wd","Element":"STAT","PrimaryAttribute":"Survey Statistics","SecondaryAttribute":null,"TertiaryAttribute":null,"Payload":{"MobileCompatible":true,"ID":"Survey Statistics"}},{"SurveyID":"SV_25ZPsqiXHD9d9Wd","Element":"QC","PrimaryAttribute":"Survey Question Count","SecondaryAttribute":"276","TertiaryAttribute":null,"Payload":null},{"SurveyID":"SV_25ZPsqiXHD9d9Wd","Element":"SQ","PrimaryAttribute":"QID8","SecondaryAttribute":"Age","TertiaryAttribute":null,"Payload":{"QuestionText":"Age","DefaultChoices":false,"DataExportTag":"age","QuestionType":"MC","Selector":"SAVR","SubSelector":"TX","DataVisibility":{"Private":false,"Hidden":false},"Configuration":{"QuestionDescriptionOption":"UseText"},"QuestionDescription":"Age","Choices":{"1":{"Display":"18 - 24"},"2":{"Display":"25 - 34"},"3":{"Display":"35 - 44"},"4":{"Display":"45 - 54"},"5":{"Display":"55 - 64"},"6":{"Display":"65 - 74"},"7":{"Display":"75 - 84"},"8":{"Display":"85 or older"}},"ChoiceOrder":[1,2,3,4,5,6,7,8],"Validation":{"Settings":{"ForceResponse":"ON","ForceResponseType":"ON","Type":"None"}},"GradingData":[],"Language":[],"NextChoiceId":9,"NextAnswerId":1,"QuestionID":"QID8"}},{"SurveyID":"SV_25ZPsqiXHD9d9Wd","Element":"SQ","PrimaryAttribute":"QID215","SecondaryAttribute":"Amy played with the cat. After watching it chase the laser pointer...","TertiaryAttribute":null,"Payload":{"QuestionText":"Amy  played with the cat. After watching it chase the laser pointer...\n\n","DataExportTag":"fem\/candidate\/Amy","QuestionType":"TE","Selector":"ESTB","DataVisibility":{"Private":false,"Hidden":false},"Configuration":{"QuestionDescriptionOption":"UseText","AllowFreeResponse":"false"},"QuestionDescription":"Amy played with the cat. After watching it chase the laser pointer...","Validation":{"Settings":{"ForceResponse":"ON","ForceResponseType":"ON","Type":"None"}},"Language":[],"NextChoiceId":1,"NextAnswerId":1,"QuestionID":"QID215"}},{"SurveyID":"SV_25ZPsqiXHD9d9Wd","Element":"SQ","PrimaryAttribute":"QID275","SecondaryAttribute":"Andrew decided to stay home that night. After finishing a movie...","TertiaryAttribute":null,"Payload":{"QuestionText":"Andrew decided to stay home that night. After finishing a movie...\n\n","DataExportTag":"masc\/candidate\/Andrew","QuestionType":"TE","Selector":"ESTB","DataVisibility":{"Private":false,"Hidden":false},"Configuration":{"QuestionDescriptionOption":"UseText","AllowFreeResponse":"false"},"QuestionDescription":"Andrew decided to stay home that night. After finishing a movie...","Validation":{"Settings":{"ForceResponse":"ON","ForceResponseType":"ON","Type":"None"}},"Language":[],"NextChoiceId":1,"NextAnswerId":1,"QuestionID":"QID275"}},{"SurveyID":"SV_25ZPsqiXHD9d9Wd","Element":"SQ","PrimaryAttribute":"QID206","SecondaryAttribute":"Ashley ordered pizza. Before it arrived...","TertiaryAttribute":null,"Payload":{"QuestionText":"Ashley ordered pizza. Before it arrived...\n\n","DataExportTag":"andro\/common\/Ashley","QuestionType":"TE","Selector":"ESTB","DataVisibility":{"Private":false,"Hidden":false},"Configuration":{"QuestionDescriptionOption":"UseText","AllowFreeResponse":"false"},"QuestionDescription":"Ashley ordered pizza. Before it arrived...","Validation":{"Settings":{"ForceResponse":"ON","ForceResponseType":"ON","Type":"None"}},"Language":[],"NextChoiceId":1,"NextAnswerId":1,"QuestionID":"QID206"}},{"SurveyID":"SV_25ZPsqiXHD9d9Wd","Element":"SQ","PrimaryAttribute":"QID235","SecondaryAttribute":"Ashley tried to call the doctor's office. After leaving a voicemail...","TertiaryAttribute":null,"Payload":{"QuestionText":"Ashley tried to call the doctor's office. After leaving a voicemail...\n\n","DataExportTag":"andro\/common\/Ashley-1","QuestionType":"TE","Selector":"ESTB","DataVisibility":{"Private":false,"Hidden":false},"Configuration":{"QuestionDescriptionOption":"UseText","AllowFreeResponse":"false"},"QuestionDescription":"Ashley tried to call the doctor's office. After leaving a voicemail...","Validation":{"Settings":{"ForceResponse":"ON","ForceResponseType":"ON","Type":"None"}},"Language":[],"NextChoiceId":1,"NextAnswerId":1,"QuestionID":"QID235"}},{"SurveyID":"SV_25ZPsqiXHD9d9Wd","Element":"SQ","PrimaryAttribute":"QID264","SecondaryAttribute":"Ashley turned on the air conditioning. As the apartment cooled down...","TertiaryAttribute":null,"Payload":{"QuestionText":"Ashley turned on the air conditioning. As the apartment cooled down...\n\n","DataExportTag":"andro\/common\/Ashley-2","QuestionType":"TE","Selector":"ESTB","DataVisibility":{"Private":false,"Hidden":false},"Configuration":{"QuestionDescriptionOption":"UseText","AllowFreeResponse":"false"},"QuestionDescription":"Ashley turned on the air conditioning. As the apartment cooled down...","Validation":{"Settings":{"ForceResponse":"ON","ForceResponseType":"ON","Type":"None"}},"Language":[],"NextChoiceId":1,"NextAnswerId":1,"QuestionID":"QID264"}},{"SurveyID":"SV_25ZPsqiXHD9d9Wd","Element":"SQ","PrimaryAttribute":"QID245","SecondaryAttribute":"Bernie made a mug of tea. Before it cooled...","TertiaryAttribute":null,"Payload":{"QuestionText":"Bernie made a mug of tea. Before it cooled...\n\n","DataExportTag":"masc\/candidate\/Bernie","QuestionType":"TE","Selector":"ESTB","DataVisibility":{"Private":false,"Hidden":false},"Configuration":{"QuestionDescriptionOption":"UseText","AllowFreeResponse":"false"},"QuestionDescription":"Bernie made a mug of tea. Before it cooled...","Validation":{"Settings":{"ForceResponse":"ON","ForceResponseType":"ON","Type":"None"}},"Language":[],"NextChoiceId":1,"NextAnswerId":1,"QuestionID":"QID245"}},{"SurveyID":"SV_25ZPsqiXHD9d9Wd","Element":"SQ","PrimaryAttribute":"QID243","SecondaryAttribute":"Beto bought a new phone. Before getting rid of the old one...","TertiaryAttribute":null,"Payload":{"QuestionText":"Beto bought a new phone. Before getting rid of the old one...\n\n","DataExportTag":"masc\/candidate\/Beto","QuestionType":"TE","Selector":"ESTB","DataVisibility":{"Private":false,"Hidden":false},"Configuration":{"QuestionDescriptionOption":"UseText","AllowFreeResponse":"false"},"QuestionDescription":"Beto bought a new phone. Before getting rid of the old one...","Validation":{"Settings":{"ForceResponse":"ON","ForceResponseType":"ON","Type":"None"}},"Language":[],"NextChoiceId":1,"NextAnswerId":1,"QuestionID":"QID243"}},{"SurveyID":"SV_25ZPsqiXHD9d9Wd","Element":"SQ","PrimaryAttribute":"QID241","SecondaryAttribute":"Bill collected the trash. After taking it out...","TertiaryAttribute":null,"Payload":{"QuestionText":"Bill collected the trash. After taking it out...\n\n","DataExportTag":"masc\/candidate\/Bill","QuestionType":"TE","Selector":"ESTB","DataVisibility":{"Private":false,"Hidden":false},"Configuration":{"QuestionDescriptionOption":"UseText","AllowFreeResponse":"false"},"QuestionDescription":"Bill collected the trash. After taking it out...","Validation":{"Settings":{"ForceResponse":"ON","ForceResponseType":"ON","Type":"None"}},"Language":[],"NextChoiceId":1,"NextAnswerId":1,"QuestionID":"QID241"}},{"SurveyID":"SV_25ZPsqiXHD9d9Wd","Element":"SQ","PrimaryAttribute":"QID202","SecondaryAttribute":"Blair got into bed. Before falling asleep...","TertiaryAttribute":null,"Payload":{"QuestionText":"Blair got into bed. Before falling asleep...\n\n","DataExportTag":"andro\/common\/Blair","QuestionType":"TE","Selector":"ESTB","DataVisibility":{"Private":false,"Hidden":false},"Configuration":{"QuestionDescriptionOption":"UseText","AllowFreeResponse":"false"},"QuestionDescription":"Blair got into bed. Before falling asleep...","Validation":{"Settings":{"ForceResponse":"ON","ForceResponseType":"ON","Type":"None"}},"Language":[],"NextChoiceId":1,"NextAnswerId":1,"QuestionID":"QID202"}},{"SurveyID":"SV_25ZPsqiXHD9d9Wd","Element":"SQ","PrimaryAttribute":"QID260","SecondaryAttribute":"Blair got stuck in traffic. While waiting at the red light...","TertiaryAttribute":null,"Payload":{"QuestionText":"Blair got stuck in traffic. While waiting at the red light...\n\n","DataExportTag":"andro\/common\/Blair-2","QuestionType":"TE","Selector":"ESTB","DataVisibility":{"Private":false,"Hidden":false},"Configuration":{"QuestionDescriptionOption":"UseText","AllowFreeResponse":"false"},"QuestionDescription":"Blair got stuck in traffic. While waiting at the red light...","Validation":{"Settings":{"ForceResponse":"ON","ForceResponseType":"ON","Type":"None"}},"Language":[],"NextChoiceId":1,"NextAnswerId":1,"QuestionID":"QID260"}},{"SurveyID":"SV_25ZPsqiXHD9d9Wd","Element":"SQ","PrimaryAttribute":"QID231","SecondaryAttribute":"Blair turned on the air conditioning. As the apartment cooled down...","TertiaryAttribute":null,"Payload":{"QuestionText":"Blair turned on the air conditioning. As the apartment cooled down...\n\n","DataExportTag":"andro\/common\/Blair-1","QuestionType":"TE","Selector":"ESTB","DataVisibility":{"Private":false,"Hidden":false},"Configuration":{"QuestionDescriptionOption":"UseText","AllowFreeResponse":"false"},"QuestionDescription":"Blair turned on the air conditioning. As the apartment cooled down...","Validation":{"Settings":{"ForceResponse":"ON","ForceResponseType":"ON","Type":"None"}},"Language":[],"NextChoiceId":1,"NextAnswerId":1,"QuestionID":"QID231"}},{"SurveyID":"SV_25ZPsqiXHD9d9Wd","Element":"SQ","PrimaryAttribute":"QID190","SecondaryAttribute":"Brian decided to stay home that night. After finishing a movie...","TertiaryAttribute":null,"Payload":{"QuestionText":"Brian decided to stay home that night. After finishing a movie...\n\n","DataExportTag":"masc\/common\/Brian","QuestionType":"TE","Selector":"ESTB","DataVisibility":{"Private":false,"Hidden":false},"Configuration":{"QuestionDescriptionOption":"UseText","AllowFreeResponse":"false"},"QuestionDescription":"Brian decided to stay home that night. After finishing a movie...","Validation":{"Settings":{"ForceResponse":"ON","ForceResponseType":"ON","Type":"None"}},"Language":[],"NextChoiceId":1,"NextAnswerId":1,"QuestionID":"QID190"}},{"SurveyID":"SV_25ZPsqiXHD9d9Wd","Element":"SQ","PrimaryAttribute":"QID219","SecondaryAttribute":"Brian played with the cat. After watching it chase the laser pointer...","TertiaryAttribute":null,"Payload":{"QuestionText":"Brian played with the cat. After watching it chase the laser pointer...\n\n","DataExportTag":"masc\/common\/Brian-1","QuestionType":"TE","Selector":"ESTB","DataVisibility":{"Private":false,"Hidden":false},"Configuration":{"QuestionDescriptionOption":"UseText","AllowFreeResponse":"false"},"QuestionDescription":"Brian played with the cat. After watching it chase the laser pointer...","Validation":{"Settings":{"ForceResponse":"ON","ForceResponseType":"ON","Type":"None"}},"Language":[],"NextChoiceId":1,"NextAnswerId":1,"QuestionID":"QID219"}},{"SurveyID":"SV_25ZPsqiXHD9d9Wd","Element":"SQ","PrimaryAttribute":"QID248","SecondaryAttribute":"Brian went to see a show. During the intermission...","TertiaryAttribute":null,"Payload":{"QuestionText":"Brian went to see a show. During the intermission...\n\n","DataExportTag":"masc\/common\/Brian-2","QuestionType":"TE","Selector":"ESTB","DataVisibility":{"Private":false,"Hidden":false},"Configuration":{"QuestionDescriptionOption":"UseText","AllowFreeResponse":"false"},"QuestionDescription":"Brian went to see a show. During the intermission...","Validation":{"Settings":{"ForceResponse":"ON","ForceResponseType":"ON","Type":"None"}},"Language":[],"NextChoiceId":1,"NextAnswerId":1,"QuestionID":"QID248"}},{"SurveyID":"SV_25ZPsqiXHD9d9Wd","Element":"SQ","PrimaryAttribute":"QID192","SecondaryAttribute":"Chris chose a playlist for the drive. After turning up the volume...","TertiaryAttribute":null,"Payload":{"QuestionText":"Chris chose a playlist for the drive. After turning up the volume...\n\n","DataExportTag":"andro\/common\/Chris","QuestionType":"TE","Selector":"ESTB","DataVisibility":{"Private":false,"Hidden":false},"Configuration":{"QuestionDescriptionOption":"UseText","AllowFreeResponse":"false"},"QuestionDescription":"Chris chose a playlist for the drive. After turning up the volume...","Validation":{"Settings":{"ForceResponse":"ON","ForceResponseType":"ON","Type":"None"}},"Language":[],"NextChoiceId":1,"NextAnswerId":1,"QuestionID":"QID192"}},{"SurveyID":"SV_25ZPsqiXHD9d9Wd","Element":"SQ","PrimaryAttribute":"QID250","SecondaryAttribute":"Chris closed the door. After locking it...","TertiaryAttribute":null,"Payload":{"QuestionText":"Chris closed the door. After locking it...\n\n","DataExportTag":"andro\/common\/Chris-2","QuestionType":"TE","Selector":"ESTB","DataVisibility":{"Private":false,"Hidden":false},"Configuration":{"QuestionDescriptionOption":"UseText","AllowFreeResponse":"false"},"QuestionDescription":"Chris closed the door. After locking it...","Validation":{"Settings":{"ForceResponse":"ON","ForceResponseType":"ON","Type":"None"}},"Language":[],"NextChoiceId":1,"NextAnswerId":1,"QuestionID":"QID250"}},{"SurveyID":"SV_25ZPsqiXHD9d9Wd","Element":"SQ","PrimaryAttribute":"QID221","SecondaryAttribute":"Chris went to see a show. During the intermission...","TertiaryAttribute":null,"Payload":{"QuestionText":"Chris went to see a show. During the intermission...\n\n","DataExportTag":"andro\/common\/Chris-1","QuestionType":"TE","Selector":"ESTB","DataVisibility":{"Private":false,"Hidden":false},"Configuration":{"QuestionDescriptionOption":"UseText","AllowFreeResponse":"false"},"QuestionDescription":"Chris went to see a show. During the intermission...","Validation":{"Settings":{"ForceResponse":"ON","ForceResponseType":"ON","Type":"None"}},"Language":[],"NextChoiceId":1,"NextAnswerId":1,"QuestionID":"QID221"}},{"SurveyID":"SV_25ZPsqiXHD9d9Wd","Element":"SQ","PrimaryAttribute":"QID212","SecondaryAttribute":"Cory filled the bath. After getting in...","TertiaryAttribute":null,"Payload":{"QuestionText":"Cory filled the bath. After getting in...\n\n","DataExportTag":"masc\/candidate\/Cory","QuestionType":"TE","Selector":"ESTB","DataVisibility":{"Private":false,"Hidden":false},"Configuration":{"QuestionDescriptionOption":"UseText","AllowFreeResponse":"false"},"QuestionDescription":"Cory filled the bath. After getting in...","Validation":{"Settings":{"ForceResponse":"ON","ForceResponseType":"ON","Type":"None"}},"Language":[],"NextChoiceId":1,"NextAnswerId":1,"QuestionID":"QID212"}},{"SurveyID":"SV_25ZPsqiXHD9d9Wd","Element":"RS","PrimaryAttribute":"RS_3raPTUVeKcKGeRD","SecondaryAttribute":"Default Response Set","TertiaryAttribute":null,"Payload":null},{"SurveyID":"SV_25ZPsqiXHD9d9Wd","Element":"SQ","PrimaryAttribute":"QID10","SecondaryAttribute":"Did you start learning English before the age of 5?","TertiaryAttribute":null,"Payload":{"QuestionText":"Did you start learning English before the age of 5?","DataExportTag":"english","QuestionType":"MC","Selector":"SAVR","SubSelector":"TX","DataVisibility":{"Private":false,"Hidden":false},"Configuration":{"QuestionDescriptionOption":"UseText"},"QuestionDescription":"Did you start learning English before the age of 5?","Choices":{"1":{"Display":"Yes"},"2":{"Display":"No"}},"ChoiceOrder":[1,2],"Validation":{"Settings":{"ForceResponse":"ON","ForceResponseType":"ON","Type":"None"}},"Language":[],"NextChoiceId":3,"NextAnswerId":1,"QuestionID":"QID10"}},{"SurveyID":"SV_25ZPsqiXHD9d9Wd","Element":"SQ","PrimaryAttribute":"QID272","SecondaryAttribute":"Donald left early in the morning. While waiting at the bus stop...","TertiaryAttribute":null,"Payload":{"QuestionText":"Donald left early in the morning. While waiting at the bus stop...\n\n","DataExportTag":"masc\/candidate\/Donald","QuestionType":"TE","Selector":"ESTB","DataVisibility":{"Private":false,"Hidden":false},"Configuration":{"QuestionDescriptionOption":"UseText","AllowFreeResponse":"false"},"QuestionDescription":"Donald left early in the morning. While waiting at the bus stop...","Validation":{"Settings":{"ForceResponse":"ON","ForceResponseType":"ON","Type":"None"}},"Language":[],"NextChoiceId":1,"NextAnswerId":1,"QuestionID":"QID272"}},{"SurveyID":"SV_25ZPsqiXHD9d9Wd","Element":"SQ","PrimaryAttribute":"QID205","SecondaryAttribute":"Elisha finished writing a paper. While waiting for it to print...","TertiaryAttribute":null,"Payload":{"QuestionText":"Elisha finished writing a paper. While waiting for it to print...\n\n","DataExportTag":"andro\/common\/Elisha","QuestionType":"TE","Selector":"ESTB","DataVisibility":{"Private":false,"Hidden":false},"Configuration":{"QuestionDescriptionOption":"UseText","AllowFreeResponse":"false"},"QuestionDescription":"Elisha finished writing a paper. While waiting for it to print...","Validation":{"Settings":{"ForceResponse":"ON","ForceResponseType":"ON","Type":"None"}},"Language":[],"NextChoiceId":1,"NextAnswerId":1,"QuestionID":"QID205"}},{"SurveyID":"SV_25ZPsqiXHD9d9Wd","Element":"SQ","PrimaryAttribute":"QID234","SecondaryAttribute":"Elisha finished writing a paper. While waiting for it to print...","TertiaryAttribute":null,"Payload":{"QuestionText":"Elisha finished writing a paper. While waiting for it to print...\n\n","DataExportTag":"andro\/common\/Elisha-1","QuestionType":"TE","Selector":"ESTB","DataVisibility":{"Private":false,"Hidden":false},"Configuration":{"QuestionDescriptionOption":"UseText","AllowFreeResponse":"false"},"QuestionDescription":"Elisha finished writing a paper. While waiting for it to print...","Validation":{"Settings":{"ForceResponse":"ON","ForceResponseType":"ON","Type":"None"}},"Language":[],"NextChoiceId":1,"NextAnswerId":1,"QuestionID":"QID234"}},{"SurveyID":"SV_25ZPsqiXHD9d9Wd","Element":"SQ","PrimaryAttribute":"QID263","SecondaryAttribute":"Elisha poured a glass of lemonade. Before the ice melted...","TertiaryAttribute":null,"Payload":{"QuestionText":"Elisha poured a glass of lemonade. Before the ice melted...\n\n","DataExportTag":"andro\/common\/Elisha-2","QuestionType":"TE","Selector":"ESTB","DataVisibility":{"Private":false,"Hidden":false},"Configuration":{"QuestionDescriptionOption":"UseText","AllowFreeResponse":"false"},"QuestionDescription":"Elisha poured a glass of lemonade. Before the ice melted...","Validation":{"Settings":{"ForceResponse":"ON","ForceResponseType":"ON","Type":"None"}},"Language":[],"NextChoiceId":1,"NextAnswerId":1,"QuestionID":"QID263"}},{"SurveyID":"SV_25ZPsqiXHD9d9Wd","Element":"SQ","PrimaryAttribute":"QID273","SecondaryAttribute":"Elizabeth painted the room. While the walls dried...","TertiaryAttribute":null,"Payload":{"QuestionText":"Elizabeth painted the room. While the walls dried...\n\n","DataExportTag":"fem\/candidate\/Elizabeth","QuestionType":"TE","Selector":"ESTB","DataVisibility":{"Private":false,"Hidden":false},"Configuration":{"QuestionDescriptionOption":"UseText","AllowFreeResponse":"false"},"QuestionDescription":"Elizabeth painted the room. While the walls dried...","Validation":{"Settings":{"ForceResponse":"ON","ForceResponseType":"ON","Type":"None"}},"Language":[],"NextChoiceId":1,"NextAnswerId":1,"QuestionID":"QID273"}},{"SurveyID":"SV_25ZPsqiXHD9d9Wd","Element":"SQ","PrimaryAttribute":"QID194","SecondaryAttribute":"Emerson closed the door. After locking it...","TertiaryAttribute":null,"Payload":{"QuestionText":"Emerson closed the door. After locking it...\n\n","DataExportTag":"andro\/common\/Emerson","QuestionType":"TE","Selector":"ESTB","DataVisibility":{"Private":false,"Hidden":false},"Configuration":{"QuestionDescriptionOption":"UseText","AllowFreeResponse":"false"},"QuestionDescription":"Emerson closed the door. After locking it...","Validation":{"Settings":{"ForceResponse":"ON","ForceResponseType":"ON","Type":"None"}},"Language":[],"NextChoiceId":1,"NextAnswerId":1,"QuestionID":"QID194"}},{"SurveyID":"SV_25ZPsqiXHD9d9Wd","Element":"SQ","PrimaryAttribute":"QID223","SecondaryAttribute":"Emerson got home from work and cooked dinner. After washing the dishes...","TertiaryAttribute":null,"Payload":{"QuestionText":"Emerson got home from work and cooked dinner. After washing the dishes...\n\n","DataExportTag":"andro\/common\/Emerson-1","QuestionType":"TE","Selector":"ESTB","DataVisibility":{"Private":false,"Hidden":false},"Configuration":{"QuestionDescriptionOption":"UseText","AllowFreeResponse":"false"},"QuestionDescription":"Emerson got home from work and cooked dinner. After washing the dishes...","Validation":{"Settings":{"ForceResponse":"ON","ForceResponseType":"ON","Type":"None"}},"Language":[],"NextChoiceId":1,"NextAnswerId":1,"QuestionID":"QID223"}},{"SurveyID":"SV_25ZPsqiXHD9d9Wd","Element":"SQ","PrimaryAttribute":"QID252","SecondaryAttribute":"Emerson got into bed. Before falling asleep...","TertiaryAttribute":null,"Payload":{"QuestionText":"Emerson got into bed. Before falling asleep...\n\n","DataExportTag":"andro\/common\/Emerson-2","QuestionType":"TE","Selector":"ESTB","DataVisibility":{"Private":false,"Hidden":false},"Configuration":{"QuestionDescriptionOption":"UseText","AllowFreeResponse":"false"},"QuestionDescription":"Emerson got into bed. Before falling asleep...","Validation":{"Settings":{"ForceResponse":"ON","ForceResponseType":"ON","Type":"None"}},"Language":[],"NextChoiceId":1,"NextAnswerId":1,"QuestionID":"QID252"}},{"SurveyID":"SV_25ZPsqiXHD9d9Wd","Element":"SQ","PrimaryAttribute":"QID267","SecondaryAttribute":"Emily finished writing a paper. While waiting for it to print...","TertiaryAttribute":null,"Payload":{"QuestionText":"Emily finished writing a paper. While waiting for it to print...\n\n","DataExportTag":"fem\/common\/Emily-2","QuestionType":"TE","Selector":"ESTB","DataVisibility":{"Private":false,"Hidden":false},"Configuration":{"QuestionDescriptionOption":"UseText","AllowFreeResponse":"false"},"QuestionDescription":"Emily finished writing a paper. While waiting for it to print...","Validation":{"Settings":{"ForceResponse":"ON","ForceResponseType":"ON","Type":"None"}},"Language":[],"NextChoiceId":1,"NextAnswerId":1,"QuestionID":"QID267"}},{"SurveyID":"SV_25ZPsqiXHD9d9Wd","Element":"SQ","PrimaryAttribute":"QID238","SecondaryAttribute":"Emily got stuck in traffic. While waiting at the red light...","TertiaryAttribute":null,"Payload":{"QuestionText":"Emily got stuck in traffic. While waiting at the red light...\n\n","DataExportTag":"fem\/common\/Emily-1","QuestionType":"TE","Selector":"ESTB","DataVisibility":{"Private":false,"Hidden":false},"Configuration":{"QuestionDescriptionOption":"UseText","AllowFreeResponse":"false"},"QuestionDescription":"Emily got stuck in traffic. While waiting at the red light...","Validation":{"Settings":{"ForceResponse":"ON","ForceResponseType":"ON","Type":"None"}},"Language":[],"NextChoiceId":1,"NextAnswerId":1,"QuestionID":"QID238"}},{"SurveyID":"SV_25ZPsqiXHD9d9Wd","Element":"SQ","PrimaryAttribute":"QID209","SecondaryAttribute":"Emily turned on the air conditioning. As the apartment cooled down...","TertiaryAttribute":null,"Payload":{"QuestionText":"Emily turned on the air conditioning. As the apartment cooled down...\n\n","DataExportTag":"fem\/common\/Emily","QuestionType":"TE","Selector":"ESTB","DataVisibility":{"Private":false,"Hidden":false},"Configuration":{"QuestionDescriptionOption":"UseText","AllowFreeResponse":"false"},"QuestionDescription":"Emily turned on the air conditioning. As the apartment cooled down...","Validation":{"Settings":{"ForceResponse":"ON","ForceResponseType":"ON","Type":"None"}},"Language":[],"NextChoiceId":1,"NextAnswerId":1,"QuestionID":"QID209"}},{"SurveyID":"SV_25ZPsqiXHD9d9Wd","Element":"SQ","PrimaryAttribute":"QID246","SecondaryAttribute":"Eric woke up early to walk the dog. After making coffee...","TertiaryAttribute":null,"Payload":{"QuestionText":"Eric woke up early to walk the dog. After making coffee...\n\n","DataExportTag":"masc\/candidate\/Eric","QuestionType":"TE","Selector":"ESTB","DataVisibility":{"Private":false,"Hidden":false},"Configuration":{"QuestionDescriptionOption":"UseText","AllowFreeResponse":"false"},"QuestionDescription":"Eric woke up early to walk the dog. After making coffee...","Validation":{"Settings":{"ForceResponse":"ON","ForceResponseType":"ON","Type":"None"}},"Language":[],"NextChoiceId":1,"NextAnswerId":1,"QuestionID":"QID246"}},{"SurveyID":"SV_25ZPsqiXHD9d9Wd","Element":"SQ","PrimaryAttribute":"QID7","SecondaryAttribute":"Gender","TertiaryAttribute":null,"Payload":{"QuestionText":"Gender","DefaultChoices":false,"DataExportTag":"gender","QuestionType":"TE","Selector":"SL","DataVisibility":{"Private":false,"Hidden":false},"Configuration":{"QuestionDescriptionOption":"UseText","AllowFreeResponse":"false"},"QuestionDescription":"Gender","Validation":{"Settings":{"ForceResponse":"ON","ForceResponseType":"ON","Type":"None"}},"GradingData":[],"Language":[],"NextChoiceId":4,"NextAnswerId":1,"QuestionID":"QID7"}},{"SurveyID":"SV_25ZPsqiXHD9d9Wd","Element":"SQ","PrimaryAttribute":"QID261","SecondaryAttribute":"Jackie got out of the pool. After drying off...","TertiaryAttribute":null,"Payload":{"QuestionText":"Jackie got out of the pool. After drying off...\n\n","DataExportTag":"andro\/common\/Jackie-2","QuestionType":"TE","Selector":"ESTB","DataVisibility":{"Private":false,"Hidden":false},"Configuration":{"QuestionDescriptionOption":"UseText","AllowFreeResponse":"false"},"QuestionDescription":"Jackie got out of the pool. After drying off...","Validation":{"Settings":{"ForceResponse":"ON","ForceResponseType":"ON","Type":"None"}},"Language":[],"NextChoiceId":1,"NextAnswerId":1,"QuestionID":"QID261"}},{"SurveyID":"SV_25ZPsqiXHD9d9Wd","Element":"SQ","PrimaryAttribute":"QID203","SecondaryAttribute":"Jackie left early in the morning. While waiting at the bus stop...","TertiaryAttribute":null,"Payload":{"QuestionText":"Jackie left early in the morning. While waiting at the bus stop...\n\n","DataExportTag":"andro\/common\/Jackie","QuestionType":"TE","Selector":"ESTB","DataVisibility":{"Private":false,"Hidden":false},"Configuration":{"QuestionDescriptionOption":"UseText","AllowFreeResponse":"false"},"QuestionDescription":"Jackie left early in the morning. While waiting at the bus stop...","Validation":{"Settings":{"ForceResponse":"ON","ForceResponseType":"ON","Type":"None"}},"Language":[],"NextChoiceId":1,"NextAnswerId":1,"QuestionID":"QID203"}},{"SurveyID":"SV_25ZPsqiXHD9d9Wd","Element":"SQ","PrimaryAttribute":"QID232","SecondaryAttribute":"Jackie wanted to learn how to ski. Before trying the first time...","TertiaryAttribute":null,"Payload":{"QuestionText":"Jackie wanted to learn how to ski. Before trying the first time...\n\n","DataExportTag":"andro\/common\/Jackie-1","QuestionType":"TE","Selector":"ESTB","DataVisibility":{"Private":false,"Hidden":false},"Configuration":{"QuestionDescriptionOption":"UseText","AllowFreeResponse":"false"},"QuestionDescription":"Jackie wanted to learn how to ski. Before trying the first time...","Validation":{"Settings":{"ForceResponse":"ON","ForceResponseType":"ON","Type":"None"}},"Language":[],"NextChoiceId":1,"NextAnswerId":1,"QuestionID":"QID232"}},{"SurveyID":"SV_25ZPsqiXHD9d9Wd","Element":"SQ","PrimaryAttribute":"QID249","SecondaryAttribute":"James caught the ball. Before throwing it back...","TertiaryAttribute":null,"Payload":{"QuestionText":"James caught the ball. Before throwing it back...\n\n","DataExportTag":"masc\/common\/James-2","QuestionType":"TE","Selector":"ESTB","DataVisibility":{"Private":false,"Hidden":false},"Configuration":{"QuestionDescriptionOption":"UseText","AllowFreeResponse":"false"},"QuestionDescription":"James caught the ball. Before throwing it back...","Validation":{"Settings":{"ForceResponse":"ON","ForceResponseType":"ON","Type":"None"}},"Language":[],"NextChoiceId":1,"NextAnswerId":1,"QuestionID":"QID249"}},{"SurveyID":"SV_25ZPsqiXHD9d9Wd","Element":"SQ","PrimaryAttribute":"QID191","SecondaryAttribute":"James got home from work and cooked dinner. After washing the dishes...","TertiaryAttribute":null,"Payload":{"QuestionText":"James got home from work and cooked dinner. After washing the dishes...\n\n","DataExportTag":"masc\/common\/James","QuestionType":"TE","Selector":"ESTB","DataVisibility":{"Private":false,"Hidden":false},"Configuration":{"QuestionDescriptionOption":"UseText","AllowFreeResponse":"false"},"QuestionDescription":"James got home from work and cooked dinner. After washing the dishes...","Validation":{"Settings":{"ForceResponse":"ON","ForceResponseType":"ON","Type":"None"}},"Language":[],"NextChoiceId":1,"NextAnswerId":1,"QuestionID":"QID191"}},{"SurveyID":"SV_25ZPsqiXHD9d9Wd","Element":"SQ","PrimaryAttribute":"QID220","SecondaryAttribute":"James received a text. After reading it...","TertiaryAttribute":null,"Payload":{"QuestionText":"James received a text. After reading it...\n\n","DataExportTag":"masc\/common\/James-1","QuestionType":"TE","Selector":"ESTB","DataVisibility":{"Private":false,"Hidden":false},"Configuration":{"QuestionDescriptionOption":"UseText","AllowFreeResponse":"false"},"QuestionDescription":"James received a text. After reading it...","Validation":{"Settings":{"ForceResponse":"ON","ForceResponseType":"ON","Type":"None"}},"Language":[],"NextChoiceId":1,"NextAnswerId":1,"QuestionID":"QID220"}},{"SurveyID":"SV_25ZPsqiXHD9d9Wd","Element":"SQ","PrimaryAttribute":"QID214","SecondaryAttribute":"Jay painted the room. While the walls dried...","TertiaryAttribute":null,"Payload":{"QuestionText":"Jay painted the room. While the walls dried...\n\n","DataExportTag":"masc\/candidate\/Jay","QuestionType":"TE","Selector":"ESTB","DataVisibility":{"Private":false,"Hidden":false},"Configuration":{"QuestionDescriptionOption":"UseText","AllowFreeResponse":"false"},"QuestionDescription":"Jay painted the room. While the walls dried...","Validation":{"Settings":{"ForceResponse":"ON","ForceResponseType":"ON","Type":"None"}},"Language":[],"NextChoiceId":1,"NextAnswerId":1,"QuestionID":"QID214"}},{"SurveyID":"SV_25ZPsqiXHD9d9Wd","Element":"SQ","PrimaryAttribute":"QID258","SecondaryAttribute":"Jessie carried the bags into the house. After putting everything away...","TertiaryAttribute":null,"Payload":{"QuestionText":"Jessie carried the bags into the house. After putting everything away...\n\n","DataExportTag":"andro\/common\/Jessie-2","QuestionType":"TE","Selector":"ESTB","DataVisibility":{"Private":false,"Hidden":false},"Configuration":{"QuestionDescriptionOption":"UseText","AllowFreeResponse":"false"},"QuestionDescription":"Jessie carried the bags into the house. After putting everything away...","Validation":{"Settings":{"ForceResponse":"ON","ForceResponseType":"ON","Type":"None"}},"Language":[],"NextChoiceId":1,"NextAnswerId":1,"QuestionID":"QID258"}},{"SurveyID":"SV_25ZPsqiXHD9d9Wd","Element":"SQ","PrimaryAttribute":"QID229","SecondaryAttribute":"Jessie chose a playlist for the drive. After turning up the volume...","TertiaryAttribute":null,"Payload":{"QuestionText":"Jessie chose a playlist for the drive. After turning up the volume...\n\n","DataExportTag":"andro\/common\/Jessie-1","QuestionType":"TE","Selector":"ESTB","DataVisibility":{"Private":false,"Hidden":false},"Configuration":{"QuestionDescriptionOption":"UseText","AllowFreeResponse":"false"},"QuestionDescription":"Jessie chose a playlist for the drive. After turning up the volume...","Validation":{"Settings":{"ForceResponse":"ON","ForceResponseType":"ON","Type":"None"}},"Language":[],"NextChoiceId":1,"NextAnswerId":1,"QuestionID":"QID229"}},{"SurveyID":"SV_25ZPsqiXHD9d9Wd","Element":"SQ","PrimaryAttribute":"QID200","SecondaryAttribute":"Jessie got out of the pool. After drying off...","TertiaryAttribute":null,"Payload":{"QuestionText":"Jessie got out of the pool. After drying off...\n\n","DataExportTag":"andro\/common\/Jessie","QuestionType":"TE","Selector":"ESTB","DataVisibility":{"Private":false,"Hidden":false},"Configuration":{"QuestionDescriptionOption":"UseText","AllowFreeResponse":"false"},"QuestionDescription":"Jessie got out of the pool. After drying off...","Validation":{"Settings":{"ForceResponse":"ON","ForceResponseType":"ON","Type":"None"}},"Language":[],"NextChoiceId":1,"NextAnswerId":1,"QuestionID":"QID200"}},{"SurveyID":"SV_25ZPsqiXHD9d9Wd","Element":"SQ","PrimaryAttribute":"QID262","SecondaryAttribute":"Jodie filled the bath. After getting in...","TertiaryAttribute":null,"Payload":{"QuestionText":"Jodie filled the bath. After getting in...\n\n","DataExportTag":"andro\/common\/Jodie-2","QuestionType":"TE","Selector":"ESTB","DataVisibility":{"Private":false,"Hidden":false},"Configuration":{"QuestionDescriptionOption":"UseText","AllowFreeResponse":"false"},"QuestionDescription":"Jodie filled the bath. After getting in...","Validation":{"Settings":{"ForceResponse":"ON","ForceResponseType":"ON","Type":"None"}},"Language":[],"NextChoiceId":1,"NextAnswerId":1,"QuestionID":"QID262"}},{"SurveyID":"SV_25ZPsqiXHD9d9Wd","Element":"SQ","PrimaryAttribute":"QID233","SecondaryAttribute":"Jodie got out of the pool. After drying off...","TertiaryAttribute":null,"Payload":{"QuestionText":"Jodie got out of the pool. After drying off...\n\n","DataExportTag":"andro\/common\/Jodie-1","QuestionType":"TE","Selector":"ESTB","DataVisibility":{"Private":false,"Hidden":false},"Configuration":{"QuestionDescriptionOption":"UseText","AllowFreeResponse":"false"},"QuestionDescription":"Jodie got out of the pool. After drying off...","Validation":{"Settings":{"ForceResponse":"ON","ForceResponseType":"ON","Type":"None"}},"Language":[],"NextChoiceId":1,"NextAnswerId":1,"QuestionID":"QID233"}},{"SurveyID":"SV_25ZPsqiXHD9d9Wd","Element":"SQ","PrimaryAttribute":"QID204","SecondaryAttribute":"Jodie got stuck in traffic. While waiting at the red light...","TertiaryAttribute":null,"Payload":{"QuestionText":"Jodie got stuck in traffic. While waiting at the red light...\n\n","DataExportTag":"andro\/common\/Jodie","QuestionType":"TE","Selector":"ESTB","DataVisibility":{"Private":false,"Hidden":false},"Configuration":{"QuestionDescriptionOption":"UseText","AllowFreeResponse":"false"},"QuestionDescription":"Jodie got stuck in traffic. While waiting at the red light...","Validation":{"Settings":{"ForceResponse":"ON","ForceResponseType":"ON","Type":"None"}},"Language":[],"NextChoiceId":1,"NextAnswerId":1,"QuestionID":"QID204"}},{"SurveyID":"SV_25ZPsqiXHD9d9Wd","Element":"SQ","PrimaryAttribute":"QID211","SecondaryAttribute":"Joe collected the trash. After taking it out...","TertiaryAttribute":null,"Payload":{"QuestionText":"Joe collected the trash. After taking it out...\n\n","DataExportTag":"masc\/candidate\/Joe","QuestionType":"TE","Selector":"ESTB","DataVisibility":{"Private":false,"Hidden":false},"Configuration":{"QuestionDescriptionOption":"UseText","AllowFreeResponse":"false"},"QuestionDescription":"Joe collected the trash. After taking it out...","Validation":{"Settings":{"ForceResponse":"ON","ForceResponseType":"ON","Type":"None"}},"Language":[],"NextChoiceId":1,"NextAnswerId":1,"QuestionID":"QID211"}},{"SurveyID":"SV_25ZPsqiXHD9d9Wd","Element":"SQ","PrimaryAttribute":"QID242","SecondaryAttribute":"John got into bed. Before falling asleep...","TertiaryAttribute":null,"Payload":{"QuestionText":"John got into bed. Before falling asleep...\n\n","DataExportTag":"masc\/candidate\/John","QuestionType":"TE","Selector":"ESTB","DataVisibility":{"Private":false,"Hidden":false},"Configuration":{"QuestionDescriptionOption":"UseText","AllowFreeResponse":"false"},"QuestionDescription":"John got into bed. Before falling asleep...","Validation":{"Settings":{"ForceResponse":"ON","ForceResponseType":"ON","Type":"None"}},"Language":[],"NextChoiceId":1,"NextAnswerId":1,"QuestionID":"QID242"}},{"SurveyID":"SV_25ZPsqiXHD9d9Wd","Element":"SQ","PrimaryAttribute":"QID240","SecondaryAttribute":"Juli\u00e1n went on a run at the local park. Before finishing...","TertiaryAttribute":null,"Payload":{"QuestionText":"Juli\u00e1n went on a run at the local park. Before finishing...","DataExportTag":"masc\/candidate\/Julia","QuestionType":"TE","Selector":"ESTB","DataVisibility":{"Private":false,"Hidden":false},"Configuration":{"QuestionDescriptionOption":"UseText","AllowFreeResponse":"false"},"QuestionDescription":"Juli\u00e1n went on a run at the local park. Before finishing...","Validation":{"Settings":{"ForceResponse":"ON","ForceResponseType":"ON","Type":"None"}},"Language":[],"NextChoiceId":1,"NextAnswerId":1,"QuestionID":"QID240"}},{"SurveyID":"SV_25ZPsqiXHD9d9Wd","Element":"SQ","PrimaryAttribute":"QID271","SecondaryAttribute":"Kamala played with the cat. After watching it chase the laser pointer...","TertiaryAttribute":null,"Payload":{"QuestionText":"Kamala played with the cat. After watching it chase the laser pointer...\n\n","DataExportTag":"fem\/candidate\/Kamala","QuestionType":"TE","Selector":"ESTB","DataVisibility":{"Private":false,"Hidden":false},"Configuration":{"QuestionDescriptionOption":"UseText","AllowFreeResponse":"false"},"QuestionDescription":"Kamala played with the cat. After watching it chase the laser pointer...","Validation":{"Settings":{"ForceResponse":"ON","ForceResponseType":"ON","Type":"None"}},"Language":[],"NextChoiceId":1,"NextAnswerId":1,"QuestionID":"QID271"}},{"SurveyID":"SV_25ZPsqiXHD9d9Wd","Element":"SQ","PrimaryAttribute":"QID230","SecondaryAttribute":"Kerry put on a jacket. After getting warm...","TertiaryAttribute":null,"Payload":{"QuestionText":"Kerry put on a jacket. After getting warm...\n\n","DataExportTag":"andro\/common\/Kerry-1","QuestionType":"TE","Selector":"ESTB","DataVisibility":{"Private":false,"Hidden":false},"Configuration":{"QuestionDescriptionOption":"UseText","AllowFreeResponse":"false"},"QuestionDescription":"Kerry put on a jacket. After getting warm...","Validation":{"Settings":{"ForceResponse":"ON","ForceResponseType":"ON","Type":"None"}},"Language":[],"NextChoiceId":1,"NextAnswerId":1,"QuestionID":"QID230"}},{"SurveyID":"SV_25ZPsqiXHD9d9Wd","Element":"SQ","PrimaryAttribute":"QID259","SecondaryAttribute":"Kerry put on a jacket. After getting warm...","TertiaryAttribute":null,"Payload":{"QuestionText":"Kerry put on a jacket. After getting warm...\n\n","DataExportTag":"andro\/common\/Kerry-2","QuestionType":"TE","Selector":"ESTB","DataVisibility":{"Private":false,"Hidden":false},"Configuration":{"QuestionDescriptionOption":"UseText","AllowFreeResponse":"false"},"QuestionDescription":"Kerry put on a jacket. After getting warm...","Validation":{"Settings":{"ForceResponse":"ON","ForceResponseType":"ON","Type":"None"}},"Language":[],"NextChoiceId":1,"NextAnswerId":1,"QuestionID":"QID259"}},{"SurveyID":"SV_25ZPsqiXHD9d9Wd","Element":"SQ","PrimaryAttribute":"QID201","SecondaryAttribute":"Kerry received a text. After reading it...","TertiaryAttribute":null,"Payload":{"QuestionText":"Kerry received a text. After reading it...\n\n","DataExportTag":"andro\/common\/Kerry","QuestionType":"TE","Selector":"ESTB","DataVisibility":{"Private":false,"Hidden":false},"Configuration":{"QuestionDescriptionOption":"UseText","AllowFreeResponse":"false"},"QuestionDescription":"Kerry received a text. After reading it...","Validation":{"Settings":{"ForceResponse":"ON","ForceResponseType":"ON","Type":"None"}},"Language":[],"NextChoiceId":1,"NextAnswerId":1,"QuestionID":"QID201"}},{"SurveyID":"SV_25ZPsqiXHD9d9Wd","Element":"SQ","PrimaryAttribute":"QID269","SecondaryAttribute":"Kirsten ordered pizza. Before it arrived...","TertiaryAttribute":null,"Payload":{"QuestionText":"Kirsten ordered pizza. Before it arrived...\n\n","DataExportTag":"fem\/candidate\/Kirsten","QuestionType":"TE","Selector":"ESTB","DataVisibility":{"Private":false,"Hidden":false},"Configuration":{"QuestionDescriptionOption":"UseText","AllowFreeResponse":"false"},"QuestionDescription":"Kirsten ordered pizza. Before it arrived...","Validation":{"Settings":{"ForceResponse":"ON","ForceResponseType":"ON","Type":"None"}},"Language":[],"NextChoiceId":1,"NextAnswerId":1,"QuestionID":"QID269"}},{"SurveyID":"SV_25ZPsqiXHD9d9Wd","Element":"SQ","PrimaryAttribute":"QID274","SecondaryAttribute":"Marianne chose a playlist for the drive. After turning up the volume...","TertiaryAttribute":null,"Payload":{"QuestionText":"Marianne chose a playlist for the drive. After turning up the volume...\n\n","DataExportTag":"fem\/candidate\/Marianne","QuestionType":"TE","Selector":"ESTB","DataVisibility":{"Private":false,"Hidden":false},"Configuration":{"QuestionDescriptionOption":"UseText","AllowFreeResponse":"false"},"QuestionDescription":"Marianne chose a playlist for the drive. After turning up the volume...","Validation":{"Settings":{"ForceResponse":"ON","ForceResponseType":"ON","Type":"None"}},"Language":[],"NextChoiceId":1,"NextAnswerId":1,"QuestionID":"QID274"}},{"SurveyID":"SV_25ZPsqiXHD9d9Wd","Element":"SQ","PrimaryAttribute":"QID236","SecondaryAttribute":"Mary left early in the morning. While waiting at the bus stop...","TertiaryAttribute":null,"Payload":{"QuestionText":"Mary left early in the morning. While waiting at the bus stop...\n\n","DataExportTag":"fem\/common\/Mary-1","QuestionType":"TE","Selector":"ESTB","DataVisibility":{"Private":false,"Hidden":false},"Configuration":{"QuestionDescriptionOption":"UseText","AllowFreeResponse":"false"},"QuestionDescription":"Mary left early in the morning. While waiting at the bus stop...","Validation":{"Settings":{"ForceResponse":"ON","ForceResponseType":"ON","Type":"None"}},"Language":[],"NextChoiceId":1,"NextAnswerId":1,"QuestionID":"QID236"}},{"SurveyID":"SV_25ZPsqiXHD9d9Wd","Element":"SQ","PrimaryAttribute":"QID265","SecondaryAttribute":"Mary received a text. After reading it...","TertiaryAttribute":null,"Payload":{"QuestionText":"Mary received a text. After reading it...\n\n","DataExportTag":"fem\/common\/Mary-2","QuestionType":"TE","Selector":"ESTB","DataVisibility":{"Private":false,"Hidden":false},"Configuration":{"QuestionDescriptionOption":"UseText","AllowFreeResponse":"false"},"QuestionDescription":"Mary received a text. After reading it...","Validation":{"Settings":{"ForceResponse":"ON","ForceResponseType":"ON","Type":"None"}},"Language":[],"NextChoiceId":1,"NextAnswerId":1,"QuestionID":"QID265"}},{"SurveyID":"SV_25ZPsqiXHD9d9Wd","Element":"SQ","PrimaryAttribute":"QID207","SecondaryAttribute":"Mary wanted to learn how to ski. Before trying the first time...","TertiaryAttribute":null,"Payload":{"QuestionText":"Mary wanted to learn how to ski. Before trying the first time...\n\n","DataExportTag":"fem\/common\/Mary","QuestionType":"TE","Selector":"ESTB","DataVisibility":{"Private":false,"Hidden":false},"Configuration":{"QuestionDescriptionOption":"UseText","AllowFreeResponse":"false"},"QuestionDescription":"Mary wanted to learn how to ski. Before trying the first time...","Validation":{"Settings":{"ForceResponse":"ON","ForceResponseType":"ON","Type":"None"}},"Language":[],"NextChoiceId":1,"NextAnswerId":1,"QuestionID":"QID207"}},{"SurveyID":"SV_25ZPsqiXHD9d9Wd","Element":"SQ","PrimaryAttribute":"QID247","SecondaryAttribute":"Matthew got home from work and cooked dinner. After washing the dishes...","TertiaryAttribute":null,"Payload":{"QuestionText":"Matthew got home from work and cooked dinner. After washing the dishes...\n\n","DataExportTag":"masc\/common\/Matthew-2","QuestionType":"TE","Selector":"ESTB","DataVisibility":{"Private":false,"Hidden":false},"Configuration":{"QuestionDescriptionOption":"UseText","AllowFreeResponse":"false"},"QuestionDescription":"Matthew got home from work and cooked dinner. After washing the dishes...","Validation":{"Settings":{"ForceResponse":"ON","ForceResponseType":"ON","Type":"None"}},"Language":[],"NextChoiceId":1,"NextAnswerId":1,"QuestionID":"QID247"}},{"SurveyID":"SV_25ZPsqiXHD9d9Wd","Element":"SQ","PrimaryAttribute":"QID218","SecondaryAttribute":"Matthew opened the gift. After seeing what it was...","TertiaryAttribute":null,"Payload":{"QuestionText":"Matthew opened the gift. After seeing what it was...\n\n","DataExportTag":"masc\/common\/Matthew-1","QuestionType":"TE","Selector":"ESTB","DataVisibility":{"Private":false,"Hidden":false},"Configuration":{"QuestionDescriptionOption":"UseText","AllowFreeResponse":"false"},"QuestionDescription":"Matthew opened the gift. After seeing what it was...","Validation":{"Settings":{"ForceResponse":"ON","ForceResponseType":"ON","Type":"None"}},"Language":[],"NextChoiceId":1,"NextAnswerId":1,"QuestionID":"QID218"}},{"SurveyID":"SV_25ZPsqiXHD9d9Wd","Element":"SQ","PrimaryAttribute":"QID189","SecondaryAttribute":"Matthew woke up early to walk the dog. After making coffee...","TertiaryAttribute":null,"Payload":{"QuestionText":"Matthew woke up early to walk the dog. After making coffee...\n\n","DataExportTag":"masc\/common\/Matthew","QuestionType":"TE","Selector":"ESTB","DataVisibility":{"Private":false,"Hidden":false},"Configuration":{"QuestionDescriptionOption":"UseText","AllowFreeResponse":"false"},"QuestionDescription":"Matthew woke up early to walk the dog. After making coffee...","Validation":{"Settings":{"ForceResponse":"ON","ForceResponseType":"ON","Type":"None"}},"Language":[],"NextChoiceId":1,"NextAnswerId":1,"QuestionID":"QID189"}},{"SurveyID":"SV_25ZPsqiXHD9d9Wd","Element":"SQ","PrimaryAttribute":"QID210","SecondaryAttribute":"Michael poured a glass of lemonade. Before the ice melted...","TertiaryAttribute":null,"Payload":{"QuestionText":"Michael poured a glass of lemonade. Before the ice melted...\n\n","DataExportTag":"masc\/candidate\/Michael","QuestionType":"TE","Selector":"ESTB","DataVisibility":{"Private":false,"Hidden":false},"Configuration":{"QuestionDescriptionOption":"UseText","AllowFreeResponse":"false"},"QuestionDescription":"Michael poured a glass of lemonade. Before the ice melted...","Validation":{"Settings":{"ForceResponse":"ON","ForceResponseType":"ON","Type":"None"}},"Language":[],"NextChoiceId":1,"NextAnswerId":1,"QuestionID":"QID210"}},{"SurveyID":"SV_25ZPsqiXHD9d9Wd","Element":"SQ","PrimaryAttribute":"QID270","SecondaryAttribute":"Mike bought a new phone. Before getting rid of the old one...","TertiaryAttribute":null,"Payload":{"QuestionText":"Mike bought a new phone. Before getting rid of the old one...\n\n","DataExportTag":"masc\/candidate\/Mike","QuestionType":"TE","Selector":"ESTB","DataVisibility":{"Private":false,"Hidden":false},"Configuration":{"QuestionDescriptionOption":"UseText","AllowFreeResponse":"false"},"QuestionDescription":"Mike bought a new phone. Before getting rid of the old one...","Validation":{"Settings":{"ForceResponse":"ON","ForceResponseType":"ON","Type":"None"}},"Language":[],"NextChoiceId":1,"NextAnswerId":1,"QuestionID":"QID270"}},{"SurveyID":"SV_25ZPsqiXHD9d9Wd","Element":"SQ","PrimaryAttribute":"QID2","SecondaryAttribute":"Mturkconsent1","TertiaryAttribute":null,"Payload":{"QuestionText":"Mturkconsent1","DefaultChoices":false,"DataExportTag":"Q3","QuestionType":"DB","Selector":"GRB","SubSelector":"WOTXB","DataVisibility":{"Private":false,"Hidden":false},"Configuration":{"QuestionDescriptionOption":"UseText"},"QuestionDescription":"Mturkconsent1","ChoiceOrder":[],"Validation":{"Settings":{"Type":"None"}},"GradingData":[],"Language":[],"NextChoiceId":4,"NextAnswerId":1,"Graphics":"IM_25nzSRODNub7jZX","GraphicsDescription":"Mturkconsent1","QuestionID":"QID2"}},{"SurveyID":"SV_25ZPsqiXHD9d9Wd","Element":"SQ","PrimaryAttribute":"QID3","SecondaryAttribute":"Mturkconsent2","TertiaryAttribute":null,"Payload":{"QuestionText":"Mturkconsent2","DefaultChoices":false,"DataExportTag":"Q5","QuestionType":"DB","Selector":"GRB","SubSelector":"WOTXB","DataVisibility":{"Private":false,"Hidden":false},"Configuration":{"QuestionDescriptionOption":"UseText"},"QuestionDescription":"Mturkconsent2","ChoiceOrder":[],"Validation":{"Settings":{"Type":"None"}},"GradingData":[],"Language":[],"NextChoiceId":4,"NextAnswerId":1,"Graphics":"IM_9MieoiHpCsVVSYt","GraphicsDescription":"Mturkconsent2","QuestionID":"QID3"}},{"SurveyID":"SV_25ZPsqiXHD9d9Wd","Element":"SQ","PrimaryAttribute":"QID4","SecondaryAttribute":"Mturkconsent3","TertiaryAttribute":null,"Payload":{"QuestionText":"Mturkconsent3","DefaultChoices":false,"DataExportTag":"Q7","QuestionType":"DB","Selector":"GRB","SubSelector":"WOTXB","DataVisibility":{"Private":false,"Hidden":false},"Configuration":{"QuestionDescriptionOption":"UseText"},"QuestionDescription":"Mturkconsent3","ChoiceOrder":[],"Validation":{"Settings":{"Type":"None"}},"GradingData":[],"Language":[],"NextChoiceId":4,"NextAnswerId":1,"Graphics":"IM_5ju6T8nHPAlqkpD","GraphicsDescription":"Mturkconsent3","QuestionID":"QID4"}},{"SurveyID":"SV_25ZPsqiXHD9d9Wd","Element":"SQ","PrimaryAttribute":"QID239","SecondaryAttribute":"Pete closed the door. After locking it...","TertiaryAttribute":null,"Payload":{"QuestionText":"Pete closed the door. After locking it...\n\n","DataExportTag":"masc\/candidate\/Pete","QuestionType":"TE","Selector":"ESTB","DataVisibility":{"Private":false,"Hidden":false},"Configuration":{"QuestionDescriptionOption":"UseText","AllowFreeResponse":"false"},"QuestionDescription":"Pete closed the door. After locking it...","Validation":{"Settings":{"ForceResponse":"ON","ForceResponseType":"ON","Type":"None"}},"Language":[],"NextChoiceId":1,"NextAnswerId":1,"QuestionID":"QID239"}},{"SurveyID":"SV_25ZPsqiXHD9d9Wd","Element":"SQ","PrimaryAttribute":"QID6","SecondaryAttribute":"Please answer the following questions about your demographic information.","TertiaryAttribute":null,"Payload":{"QuestionText":"Please answer the following questions about your demographic information.","DefaultChoices":false,"DataExportTag":"Q11","QuestionType":"DB","Selector":"TB","DataVisibility":{"Private":false,"Hidden":false},"Configuration":{"QuestionDescriptionOption":"UseText"},"QuestionDescription":"Please answer the following questions about your demographic information.","ChoiceOrder":[],"Validation":{"Settings":{"Type":"None"}},"GradingData":[],"Language":[],"NextChoiceId":4,"NextAnswerId":1,"QuestionID":"QID6"}},{"SurveyID":"SV_25ZPsqiXHD9d9Wd","Element":"SQ","PrimaryAttribute":"QID5","SecondaryAttribute":"Please indicate that you have read the informed consent document and agree to participate in the...","TertiaryAttribute":null,"Payload":{"QuestionText":"Please indicate that you have read the informed consent document and agree to participate in the study.","DefaultChoices":false,"DataExportTag":"Q9","QuestionType":"MC","Selector":"SAVR","SubSelector":"TX","DataVisibility":{"Private":false,"Hidden":false},"Configuration":{"QuestionDescriptionOption":"UseText"},"QuestionDescription":"Please indicate that you have read the informed consent document and agree to participate in the...","Choices":{"1":{"Display":"I want to participate in this study."}},"ChoiceOrder":[1],"Validation":{"Settings":{"ForceResponse":"ON","ForceResponseType":"ON","Type":"None"}},"GradingData":[],"Language":[],"NextChoiceId":2,"NextAnswerId":1,"QuestionID":"QID5"}},{"SurveyID":"SV_25ZPsqiXHD9d9Wd","Element":"SQ","PrimaryAttribute":"QID225","SecondaryAttribute":"Quinn filled a plate of food at the party. While eating it...","TertiaryAttribute":null,"Payload":{"QuestionText":"Quinn filled a plate of food at the party. While eating it...\n\n","DataExportTag":"andro\/common\/Quinn-1","QuestionType":"TE","Selector":"ESTB","DataVisibility":{"Private":false,"Hidden":false},"Configuration":{"QuestionDescriptionOption":"UseText","AllowFreeResponse":"false"},"QuestionDescription":"Quinn filled a plate of food at the party. While eating it...","Validation":{"Settings":{"ForceResponse":"ON","ForceResponseType":"ON","Type":"None"}},"Language":[],"NextChoiceId":1,"NextAnswerId":1,"QuestionID":"QID225"}},{"SurveyID":"SV_25ZPsqiXHD9d9Wd","Element":"SQ","PrimaryAttribute":"QID254","SecondaryAttribute":"Quinn filled a plate of food at the party. While eating it...","TertiaryAttribute":null,"Payload":{"QuestionText":"Quinn filled a plate of food at the party. While eating it...\n\n","DataExportTag":"andro\/common\/Quinn-2","QuestionType":"TE","Selector":"ESTB","DataVisibility":{"Private":false,"Hidden":false},"Configuration":{"QuestionDescriptionOption":"UseText","AllowFreeResponse":"false"},"QuestionDescription":"Quinn filled a plate of food at the party. While eating it...","Validation":{"Settings":{"ForceResponse":"ON","ForceResponseType":"ON","Type":"None"}},"Language":[],"NextChoiceId":1,"NextAnswerId":1,"QuestionID":"QID254"}},{"SurveyID":"SV_25ZPsqiXHD9d9Wd","Element":"SQ","PrimaryAttribute":"QID196","SecondaryAttribute":"Quinn went to see a show. During the intermission...","TertiaryAttribute":null,"Payload":{"QuestionText":"Quinn went to see a show. During the intermission...\n\n","DataExportTag":"andro\/common\/Quinn","QuestionType":"TE","Selector":"ESTB","DataVisibility":{"Private":false,"Hidden":false},"Configuration":{"QuestionDescriptionOption":"UseText","AllowFreeResponse":"false"},"QuestionDescription":"Quinn went to see a show. During the intermission...","Validation":{"Settings":{"ForceResponse":"ON","ForceResponseType":"ON","Type":"None"}},"Language":[],"NextChoiceId":1,"NextAnswerId":1,"QuestionID":"QID196"}},{"SurveyID":"SV_25ZPsqiXHD9d9Wd","Element":"SQ","PrimaryAttribute":"QID9","SecondaryAttribute":"Race\/ethnicity","TertiaryAttribute":null,"Payload":{"QuestionText":"Race\/ethnicity","DefaultChoices":false,"DataExportTag":"race","QuestionType":"MC","Selector":"MAVR","SubSelector":"TX","DataVisibility":{"Private":false,"Hidden":false},"Configuration":{"QuestionDescriptionOption":"UseText"},"QuestionDescription":"Race\/ethnicity","Choices":{"1":{"Display":"White"},"2":{"Display":"Black or African American"},"3":{"Display":"American Indian or Alaska Native"},"4":{"Display":"Asian"},"5":{"Display":"Native Hawaiian or Pacific Islander"},"6":{"Display":"Other"}},"ChoiceOrder":[1,2,3,4,5,6],"Validation":{"Settings":{"ForceResponse":"ON","ForceResponseType":"ON","Type":"None"}},"GradingData":[],"Language":[],"NextChoiceId":7,"NextAnswerId":1,"QuestionID":"QID9"}},{"SurveyID":"SV_25ZPsqiXHD9d9Wd","Element":"SQ","PrimaryAttribute":"QID208","SecondaryAttribute":"Rebecca caught the ball. Before throwing it back...","TertiaryAttribute":null,"Payload":{"QuestionText":"Rebecca caught the ball. Before throwing it back...\n\n","DataExportTag":"fem\/common\/Rebecca","QuestionType":"TE","Selector":"ESTB","DataVisibility":{"Private":false,"Hidden":false},"Configuration":{"QuestionDescriptionOption":"UseText","AllowFreeResponse":"false"},"QuestionDescription":"Rebecca caught the ball. Before throwing it back...","Validation":{"Settings":{"ForceResponse":"ON","ForceResponseType":"ON","Type":"None"}},"Language":[],"NextChoiceId":1,"NextAnswerId":1,"QuestionID":"QID208"}},{"SurveyID":"SV_25ZPsqiXHD9d9Wd","Element":"SQ","PrimaryAttribute":"QID237","SecondaryAttribute":"Rebecca ordered pizza. Before it arrived...","TertiaryAttribute":null,"Payload":{"QuestionText":"Rebecca ordered pizza. Before it arrived...\n\n","DataExportTag":"fem\/common\/Rebecca-1","QuestionType":"TE","Selector":"ESTB","DataVisibility":{"Private":false,"Hidden":false},"Configuration":{"QuestionDescriptionOption":"UseText","AllowFreeResponse":"false"},"QuestionDescription":"Rebecca ordered pizza. Before it arrived...","Validation":{"Settings":{"ForceResponse":"ON","ForceResponseType":"ON","Type":"None"}},"Language":[],"NextChoiceId":1,"NextAnswerId":1,"QuestionID":"QID237"}},{"SurveyID":"SV_25ZPsqiXHD9d9Wd","Element":"SQ","PrimaryAttribute":"QID266","SecondaryAttribute":"Rebecca wanted to learn how to ski. Before trying the first time...","TertiaryAttribute":null,"Payload":{"QuestionText":"Rebecca wanted to learn how to ski. Before trying the first time...\n\n","DataExportTag":"fem\/common\/Rebecca-2","QuestionType":"TE","Selector":"ESTB","DataVisibility":{"Private":false,"Hidden":false},"Configuration":{"QuestionDescriptionOption":"UseText","AllowFreeResponse":"false"},"QuestionDescription":"Rebecca wanted to learn how to ski. Before trying the first time...","Validation":{"Settings":{"ForceResponse":"ON","ForceResponseType":"ON","Type":"None"}},"Language":[],"NextChoiceId":1,"NextAnswerId":1,"QuestionID":"QID266"}},{"SurveyID":"SV_25ZPsqiXHD9d9Wd","Element":"SQ","PrimaryAttribute":"QID255","SecondaryAttribute":"Reese collected the trash. After taking it out...","TertiaryAttribute":null,"Payload":{"QuestionText":"Reese collected the trash. After taking it out...\n\n","DataExportTag":"andro\/common\/Reese-2","QuestionType":"TE","Selector":"ESTB","DataVisibility":{"Private":false,"Hidden":false},"Configuration":{"QuestionDescriptionOption":"UseText","AllowFreeResponse":"false"},"QuestionDescription":"Reese collected the trash. After taking it out...","Validation":{"Settings":{"ForceResponse":"ON","ForceResponseType":"ON","Type":"None"}},"Language":[],"NextChoiceId":1,"NextAnswerId":1,"QuestionID":"QID255"}},{"SurveyID":"SV_25ZPsqiXHD9d9Wd","Element":"SQ","PrimaryAttribute":"QID197","SecondaryAttribute":"Reese made a mug of tea. Before it cooled...","TertiaryAttribute":null,"Payload":{"QuestionText":"Reese made a mug of tea. Before it cooled...\n\n","DataExportTag":"andro\/common\/Reese","QuestionType":"TE","Selector":"ESTB","DataVisibility":{"Private":false,"Hidden":false},"Configuration":{"QuestionDescriptionOption":"UseText","AllowFreeResponse":"false"},"QuestionDescription":"Reese made a mug of tea. Before it cooled...","Validation":{"Settings":{"Type":"None"}},"Language":[],"NextChoiceId":1,"NextAnswerId":1,"QuestionID":"QID197"}},{"SurveyID":"SV_25ZPsqiXHD9d9Wd","Element":"SQ","PrimaryAttribute":"QID276","SecondaryAttribute":"Reese made a mug of tea. Before it cooled...","TertiaryAttribute":null,"Payload":{"QuestionText":"Reese made a mug of tea. Before it cooled...","DataExportTag":"andro\/common\/Reese","QuestionType":"TE","Selector":"ESTB","DataVisibility":{"Private":false,"Hidden":false},"Configuration":{"QuestionDescriptionOption":"UseText","AllowFreeResponse":"false"},"QuestionDescription":"Reese made a mug of tea. Before it cooled...","Validation":{"Settings":{"ForceResponse":"ON","ForceResponseType":"ON","Type":"None"}},"Language":[],"NextChoiceId":1,"NextAnswerId":1,"QuestionID":"QID276"}},{"SurveyID":"SV_25ZPsqiXHD9d9Wd","Element":"SQ","PrimaryAttribute":"QID226","SecondaryAttribute":"Reese poured a glass of lemonade. Before the ice melted...","TertiaryAttribute":null,"Payload":{"QuestionText":"Reese poured a glass of lemonade. Before the ice melted...\n\n","DataExportTag":"andro\/common\/Reese-1","QuestionType":"TE","Selector":"ESTB","DataVisibility":{"Private":false,"Hidden":false},"Configuration":{"QuestionDescriptionOption":"UseText","AllowFreeResponse":"false"},"QuestionDescription":"Reese poured a glass of lemonade. Before the ice melted...","Validation":{"Settings":{"ForceResponse":"ON","ForceResponseType":"ON","Type":"None"}},"Language":[],"NextChoiceId":1,"NextAnswerId":1,"QuestionID":"QID226"}},{"SurveyID":"SV_25ZPsqiXHD9d9Wd","Element":"SQ","PrimaryAttribute":"QID228","SecondaryAttribute":"Riley painted the room. While the walls dried...","TertiaryAttribute":null,"Payload":{"QuestionText":"Riley painted the room. While the walls dried...\n\n","DataExportTag":"andro\/common\/Riley-1","QuestionType":"TE","Selector":"ESTB","DataVisibility":{"Private":false,"Hidden":false},"Configuration":{"QuestionDescriptionOption":"UseText","AllowFreeResponse":"false"},"QuestionDescription":"Riley painted the room. While the walls dried...","Validation":{"Settings":{"ForceResponse":"ON","ForceResponseType":"ON","Type":"None"}},"Language":[],"NextChoiceId":1,"NextAnswerId":1,"QuestionID":"QID228"}},{"SurveyID":"SV_25ZPsqiXHD9d9Wd","Element":"SQ","PrimaryAttribute":"QID199","SecondaryAttribute":"Riley put on a jacket. After getting warm...","TertiaryAttribute":null,"Payload":{"QuestionText":"Riley put on a jacket. After getting warm...\n\n","DataExportTag":"andro\/common\/Riley","QuestionType":"TE","Selector":"ESTB","DataVisibility":{"Private":false,"Hidden":false},"Configuration":{"QuestionDescriptionOption":"UseText","AllowFreeResponse":"false"},"QuestionDescription":"Riley put on a jacket. After getting warm...","Validation":{"Settings":{"ForceResponse":"ON","ForceResponseType":"ON","Type":"None"}},"Language":[],"NextChoiceId":1,"NextAnswerId":1,"QuestionID":"QID199"}},{"SurveyID":"SV_25ZPsqiXHD9d9Wd","Element":"SQ","PrimaryAttribute":"QID257","SecondaryAttribute":"Riley woke up early to walk the dog. After making coffee...","TertiaryAttribute":null,"Payload":{"QuestionText":"Riley woke up early to walk the dog. After making coffee...\n\n","DataExportTag":"andro\/common\/Riley-2","QuestionType":"TE","Selector":"ESTB","DataVisibility":{"Private":false,"Hidden":false},"Configuration":{"QuestionDescriptionOption":"UseText","AllowFreeResponse":"false"},"QuestionDescription":"Riley woke up early to walk the dog. After making coffee...","Validation":{"Settings":{"ForceResponse":"ON","ForceResponseType":"ON","Type":"None"}},"Language":[],"NextChoiceId":1,"NextAnswerId":1,"QuestionID":"QID257"}},{"SurveyID":"SV_25ZPsqiXHD9d9Wd","Element":"SQ","PrimaryAttribute":"QID217","SecondaryAttribute":"Seth filled a plate of food at the party. While eating it....","TertiaryAttribute":null,"Payload":{"QuestionText":"Seth filled a plate of food at the party. While eating it....\n\n","DataExportTag":"masc\/candidate\/Seth","QuestionType":"TE","Selector":"ESTB","DataVisibility":{"Private":false,"Hidden":false},"Configuration":{"QuestionDescriptionOption":"UseText","AllowFreeResponse":"false"},"QuestionDescription":"Seth filled a plate of food at the party. While eating it....","Validation":{"Settings":{"ForceResponse":"ON","ForceResponseType":"ON","Type":"None"}},"Language":[],"NextChoiceId":1,"NextAnswerId":1,"QuestionID":"QID217"}},{"SurveyID":"SV_25ZPsqiXHD9d9Wd","Element":"SQ","PrimaryAttribute":"QID213","SecondaryAttribute":"Steve went on a run at the local park. Before finishing...","TertiaryAttribute":null,"Payload":{"QuestionText":"Steve went on a run at the local park. Before finishing...\n\n","DataExportTag":"masc\/candidate\/Steve","QuestionType":"TE","Selector":"ESTB","DataVisibility":{"Private":false,"Hidden":false},"Configuration":{"QuestionDescriptionOption":"UseText","AllowFreeResponse":"false"},"QuestionDescription":"Steve went on a run at the local park. Before finishing...","Validation":{"Settings":{"ForceResponse":"ON","ForceResponseType":"ON","Type":"None"}},"Language":[],"NextChoiceId":1,"NextAnswerId":1,"QuestionID":"QID213"}},{"SurveyID":"SV_25ZPsqiXHD9d9Wd","Element":"SQ","PrimaryAttribute":"QID224","SecondaryAttribute":"Stevie carried the bags into the house. After putting everything away...","TertiaryAttribute":null,"Payload":{"QuestionText":"Stevie carried the bags into the house. After putting everything away...\n\n","DataExportTag":"andro\/common\/Stevie-1","QuestionType":"TE","Selector":"ESTB","DataVisibility":{"Private":false,"Hidden":false},"Configuration":{"QuestionDescriptionOption":"UseText","AllowFreeResponse":"false"},"QuestionDescription":"Stevie carried the bags into the house. After putting everything away...","Validation":{"Settings":{"ForceResponse":"ON","ForceResponseType":"ON","Type":"None"}},"Language":[],"NextChoiceId":1,"NextAnswerId":1,"QuestionID":"QID224"}},{"SurveyID":"SV_25ZPsqiXHD9d9Wd","Element":"SQ","PrimaryAttribute":"QID195","SecondaryAttribute":"Stevie opened the gift. After seeing what it was...","TertiaryAttribute":null,"Payload":{"QuestionText":"Stevie opened the gift. After seeing what it was...\n\n","DataExportTag":"andro\/common\/Stevie","QuestionType":"TE","Selector":"ESTB","DataVisibility":{"Private":false,"Hidden":false},"Configuration":{"QuestionDescriptionOption":"UseText","AllowFreeResponse":"false"},"QuestionDescription":"Stevie opened the gift. After seeing what it was...","Validation":{"Settings":{"ForceResponse":"ON","ForceResponseType":"ON","Type":"None"}},"Language":[],"NextChoiceId":1,"NextAnswerId":1,"QuestionID":"QID195"}},{"SurveyID":"SV_25ZPsqiXHD9d9Wd","Element":"SQ","PrimaryAttribute":"QID253","SecondaryAttribute":"Stevie went on a run at the local park. Before finishing...","TertiaryAttribute":null,"Payload":{"QuestionText":"Stevie went on a run at the local park. Before finishing...\n\n","DataExportTag":"andro\/common\/Stevie-2","QuestionType":"TE","Selector":"ESTB","DataVisibility":{"Private":false,"Hidden":false},"Configuration":{"QuestionDescriptionOption":"UseText","AllowFreeResponse":"false"},"QuestionDescription":"Stevie went on a run at the local park. Before finishing...","Validation":{"Settings":{"ForceResponse":"ON","ForceResponseType":"ON","Type":"None"}},"Language":[],"NextChoiceId":1,"NextAnswerId":1,"QuestionID":"QID253"}},{"SurveyID":"SV_25ZPsqiXHD9d9Wd","Element":"SQ","PrimaryAttribute":"QID198","SecondaryAttribute":"Taylor carried the bags into the house. After putting everything away...","TertiaryAttribute":null,"Payload":{"QuestionText":"Taylor carried the bags into the house. After putting everything away...\n\n","DataExportTag":"andro\/common\/Taylor","QuestionType":"TE","Selector":"ESTB","DataVisibility":{"Private":false,"Hidden":false},"Configuration":{"QuestionDescriptionOption":"UseText","AllowFreeResponse":"false"},"QuestionDescription":"Taylor carried the bags into the house. After putting everything away...","Validation":{"Settings":{"ForceResponse":"ON","ForceResponseType":"ON","Type":"None"}},"Language":[],"NextChoiceId":1,"NextAnswerId":1,"QuestionID":"QID198"}},{"SurveyID":"SV_25ZPsqiXHD9d9Wd","Element":"SQ","PrimaryAttribute":"QID227","SecondaryAttribute":"Taylor caught the ball. Before throwing it back...","TertiaryAttribute":null,"Payload":{"QuestionText":"Taylor caught the ball. Before throwing it back...\n\n","DataExportTag":"andro\/common\/Taylor-1","QuestionType":"TE","Selector":"ESTB","DataVisibility":{"Private":false,"Hidden":false},"Configuration":{"QuestionDescriptionOption":"UseText","AllowFreeResponse":"false"},"QuestionDescription":"Taylor caught the ball. Before throwing it back...","Validation":{"Settings":{"ForceResponse":"ON","ForceResponseType":"ON","Type":"None"}},"Language":[],"NextChoiceId":1,"NextAnswerId":1,"QuestionID":"QID227"}},{"SurveyID":"SV_25ZPsqiXHD9d9Wd","Element":"SQ","PrimaryAttribute":"QID256","SecondaryAttribute":"Taylor made a mug of tea. Before it cooled...","TertiaryAttribute":null,"Payload":{"QuestionText":"Taylor made a mug of tea. Before it cooled...\n\n","DataExportTag":"andro\/common\/Taylor-2","QuestionType":"TE","Selector":"ESTB","DataVisibility":{"Private":false,"Hidden":false},"Configuration":{"QuestionDescriptionOption":"UseText","AllowFreeResponse":"false"},"QuestionDescription":"Taylor made a mug of tea. Before it cooled...","Validation":{"Settings":{"ForceResponse":"ON","ForceResponseType":"ON","Type":"None"}},"Language":[],"NextChoiceId":1,"NextAnswerId":1,"QuestionID":"QID256"}},{"SurveyID":"SV_25ZPsqiXHD9d9Wd","Element":"SQ","PrimaryAttribute":"QID12","SecondaryAttribute":"Thank you for taking part in this study! If you have any questions or concerns, please email conv...","TertiaryAttribute":null,"Payload":{"QuestionText":"<p>Thank you for taking part in this study! If you have any questions or concerns, please email conversationlabvanderbilt@gmail.com&nbsp;<\/p><p><br><\/p><p>Here is your validation code for Mechanical Turk: LIGHTNING<\/p><br>DON'T FORGET: After you have written down your survey code, you MUST click the arrow button one more time or your answers will not be submitted. &nbsp;&nbsp;<div><br><\/div><div>Please also provide your Mechanical Turk Worker ID here:<\/div>","DefaultChoices":false,"DataExportTag":"turkID","QuestionType":"TE","Selector":"SL","DataVisibility":{"Private":false,"Hidden":false},"Configuration":{"QuestionDescriptionOption":"UseText","AllowFreeResponse":"false"},"QuestionDescription":"Thank you for taking part in this study! If you have any questions or concerns, please email conv...","Validation":{"Settings":{"ForceResponse":"ON","ForceResponseType":"ON","Type":"None"}},"GradingData":[],"Language":[],"NextChoiceId":4,"NextAnswerId":1,"QuestionID":"QID12"}},{"SurveyID":"SV_25ZPsqiXHD9d9Wd","Element":"SQ","PrimaryAttribute":"QID244","SecondaryAttribute":"Tim filled the bath. After getting in...","TertiaryAttribute":null,"Payload":{"QuestionText":"Tim filled the bath. After getting in...\n\n","DataExportTag":"masc\/candidate\/Tim","QuestionType":"TE","Selector":"ESTB","DataVisibility":{"Private":false,"Hidden":false},"Configuration":{"QuestionDescriptionOption":"UseText","AllowFreeResponse":"false"},"QuestionDescription":"Tim filled the bath. After getting in...","Validation":{"Settings":{"ForceResponse":"ON","ForceResponseType":"ON","Type":"None"}},"Language":[],"NextChoiceId":1,"NextAnswerId":1,"QuestionID":"QID244"}},{"SurveyID":"SV_25ZPsqiXHD9d9Wd","Element":"SQ","PrimaryAttribute":"QID193","SecondaryAttribute":"Tommie bought a new phone. Before getting rid of the old one...","TertiaryAttribute":null,"Payload":{"QuestionText":"Tommie bought a new phone. Before getting rid of the old one...\n\n","DataExportTag":"andro\/common\/Tommie","QuestionType":"TE","Selector":"ESTB","DataVisibility":{"Private":false,"Hidden":false},"Configuration":{"QuestionDescriptionOption":"UseText","AllowFreeResponse":"false"},"QuestionDescription":"Tommie bought a new phone. Before getting rid of the old one...","Validation":{"Settings":{"ForceResponse":"ON","ForceResponseType":"ON","Type":"None"}},"Language":[],"NextChoiceId":1,"NextAnswerId":1,"QuestionID":"QID193"}},{"SurveyID":"SV_25ZPsqiXHD9d9Wd","Element":"SQ","PrimaryAttribute":"QID222","SecondaryAttribute":"Tommie decided to stay home that night. After finishing a movie...","TertiaryAttribute":null,"Payload":{"QuestionText":"Tommie decided to stay home that night. After finishing a movie...\n\n","DataExportTag":"andro\/common\/Tommie-1","QuestionType":"TE","Selector":"ESTB","DataVisibility":{"Private":false,"Hidden":false},"Configuration":{"QuestionDescriptionOption":"UseText","AllowFreeResponse":"false"},"QuestionDescription":"Tommie decided to stay home that night. After finishing a movie...","Validation":{"Settings":{"ForceResponse":"ON","ForceResponseType":"ON","Type":"None"}},"Language":[],"NextChoiceId":1,"NextAnswerId":1,"QuestionID":"QID222"}},{"SurveyID":"SV_25ZPsqiXHD9d9Wd","Element":"SQ","PrimaryAttribute":"QID251","SecondaryAttribute":"Tommie tried to call the doctor's office. After leaving a voicemail...","TertiaryAttribute":null,"Payload":{"QuestionText":"Tommie tried to call the doctor's office. After leaving a voicemail...","DataExportTag":"andro\/common\/Tommie-2","QuestionType":"TE","Selector":"ESTB","DataVisibility":{"Private":false,"Hidden":false},"Configuration":{"QuestionDescriptionOption":"UseText","AllowFreeResponse":"false"},"QuestionDescription":"Tommie tried to call the doctor's office. After leaving a voicemail...","Validation":{"Settings":{"ForceResponse":"ON","ForceResponseType":"ON","Type":"None"}},"Language":[],"NextChoiceId":1,"NextAnswerId":1,"QuestionID":"QID251"}},{"SurveyID":"SV_25ZPsqiXHD9d9Wd","Element":"SQ","PrimaryAttribute":"QID268","SecondaryAttribute":"Tulsi opened the gift. After seeing what it was...","TertiaryAttribute":null,"Payload":{"QuestionText":"Tulsi opened the gift. After seeing what it was...\n\n","DataExportTag":"fem\/candidate\/Tulsi","QuestionType":"TE","Selector":"ESTB","DataVisibility":{"Private":false,"Hidden":false},"Configuration":{"QuestionDescriptionOption":"UseText","AllowFreeResponse":"false"},"QuestionDescription":"Tulsi opened the gift. After seeing what it was...","Validation":{"Settings":{"ForceResponse":"ON","ForceResponseType":"ON","Type":"None"}},"Language":[],"NextChoiceId":1,"NextAnswerId":1,"QuestionID":"QID268"}},{"SurveyID":"SV_25ZPsqiXHD9d9Wd","Element":"SQ","PrimaryAttribute":"QID216","SecondaryAttribute":"Wayne tried to call the doctor's office. After leaving a voicemail...","TertiaryAttribute":null,"Payload":{"QuestionText":"Wayne tried to call the doctor's office. After leaving a voicemail...\n\n","DataExportTag":"masc\/candidate\/Wayne","QuestionType":"TE","Selector":"ESTB","DataVisibility":{"Private":false,"Hidden":false},"Configuration":{"QuestionDescriptionOption":"UseText","AllowFreeResponse":"false"},"QuestionDescription":"Wayne tried to call the doctor's office. After leaving a voicemail...","Validation":{"Settings":{"ForceResponse":"ON","ForceResponseType":"ON","Type":"None"}},"Language":[],"NextChoiceId":1,"NextAnswerId":1,"QuestionID":"QID216"}},{"SurveyID":"SV_25ZPsqiXHD9d9Wd","Element":"SQ","PrimaryAttribute":"QID11","SecondaryAttribute":"What is your highest education level?","TertiaryAttribute":null,"Payload":{"QuestionText":"What is your highest education level?","DataExportTag":"education","QuestionType":"MC","Selector":"SAVR","SubSelector":"TX","DataVisibility":{"Private":false,"Hidden":false},"Configuration":{"QuestionDescriptionOption":"UseText"},"QuestionDescription":"What is your highest education level?","Choices":{"1":{"Display":"Less than high school"},"2":{"Display":"High school graduate"},"3":{"Display":"Some college"},"4":{"Display":"2 year degree"},"5":{"Display":"4 year degree"},"6":{"Display":"Professional degree"},"7":{"Display":"Doctorate"}},"ChoiceOrder":[1,2,3,4,5,6,7],"Validation":{"Settings":{"ForceResponse":"ON","ForceResponseType":"ON","Type":"None"}},"Language":[],"NextChoiceId":8,"NextAnswerId":1,"QuestionID":"QID11"}},{"SurveyID":"SV_25ZPsqiXHD9d9Wd","Element":"SQ","PrimaryAttribute":"QID101","SecondaryAttribute":"You will see a list of sentences. Please write an ending for them. Here's an example: Prompt: \"Bo...","TertiaryAttribute":null,"Payload":{"QuestionText":"You will see a list of sentences. Please write an ending for them.<div>Here's an example:<\/div><div><br><\/div><div>Prompt: \"Bob turned the fan on. Before sitting back down...\"<\/div><div>Answer: \"he poured a glass of water.\"<\/div>","DefaultChoices":false,"DataExportTag":"Q102","QuestionType":"DB","Selector":"TB","DataVisibility":{"Private":false,"Hidden":false},"Configuration":{"QuestionDescriptionOption":"UseText"},"QuestionDescription":"You will see a list of sentences. Please write an ending for them. Here's an example: Prompt: \"Bo...","ChoiceOrder":[],"Validation":{"Settings":{"Type":"None"}},"GradingData":[],"Language":[],"NextChoiceId":4,"NextAnswerId":1,"QuestionID":"QID101"}}]}